// !$*UTF8*$!
{
	archiveVersion = 1;
	classes = {
	};
	objectVersion = 51;
	objects = {

/* Begin PBXBuildFile section */
		4900D284244858F50065752F /* SearchVC.swift in Sources */ = {isa = PBXBuildFile; fileRef = 4900D283244858F50065752F /* SearchVC.swift */; };
		4900D2A82449D0C30065752F /* ResearchCell.swift in Sources */ = {isa = PBXBuildFile; fileRef = 4900D2A72449D0C30065752F /* ResearchCell.swift */; };
		4900D2AC2449DE910065752F /* routingManager.swift in Sources */ = {isa = PBXBuildFile; fileRef = 4900D2A92449DE900065752F /* routingManager.swift */; };
		4900D2AD2449DE910065752F /* Route.swift in Sources */ = {isa = PBXBuildFile; fileRef = 4900D2AA2449DE910065752F /* Route.swift */; };
		4900D2AE2449DE910065752F /* Locator.swift in Sources */ = {isa = PBXBuildFile; fileRef = 4900D2AB2449DE910065752F /* Locator.swift */; };
		4906C821244ED2CD00D23F3E /* WikiDetailVC.swift in Sources */ = {isa = PBXBuildFile; fileRef = 4906C820244ED2CD00D23F3E /* WikiDetailVC.swift */; };
		4929C01824504F6D00D40931 /* gare.gpx in Resources */ = {isa = PBXBuildFile; fileRef = 4929C01724504F6D00D40931 /* gare.gpx */; };
		4929C01A245061A100D40931 /* lyonFast.gpx in Resources */ = {isa = PBXBuildFile; fileRef = 4929C019245061A100D40931 /* lyonFast.gpx */; };
		4929C01C2450772300D40931 /* lyontoAlbatrosWalk.gpx in Resources */ = {isa = PBXBuildFile; fileRef = 4929C01B2450772200D40931 /* lyontoAlbatrosWalk.gpx */; };
		4929C01F2450831F00D40931 /* AvgMetricsCell.swift in Sources */ = {isa = PBXBuildFile; fileRef = 4929C01E2450831F00D40931 /* AvgMetricsCell.swift */; };
		49355829244B37410023F848 /* Keys.swift in Sources */ = {isa = PBXBuildFile; fileRef = 49355828244B37410023F848 /* Keys.swift */; };
		4935582C244B5BF70023F848 /* DirectionGoCell.swift in Sources */ = {isa = PBXBuildFile; fileRef = 4935582B244B5BF70023F848 /* DirectionGoCell.swift */; };
		4935582E244B5CF40023F848 /* DirectionVC.swift in Sources */ = {isa = PBXBuildFile; fileRef = 4935582D244B5CF40023F848 /* DirectionVC.swift */; };
		49355830244B5F0B0023F848 /* DirectionOptionsCell.swift in Sources */ = {isa = PBXBuildFile; fileRef = 4935582F244B5F0B0023F848 /* DirectionOptionsCell.swift */; };
		49355832244B71D30023F848 /* RouteQueryModel.swift in Sources */ = {isa = PBXBuildFile; fileRef = 49355831244B71D30023F848 /* RouteQueryModel.swift */; };
		49355835244C875C0023F848 /* MonumentCell.swift in Sources */ = {isa = PBXBuildFile; fileRef = 49355834244C875C0023F848 /* MonumentCell.swift */; };
		49355837244C88DA0023F848 /* MonumentSearchDetailCell.swift in Sources */ = {isa = PBXBuildFile; fileRef = 49355836244C88DA0023F848 /* MonumentSearchDetailCell.swift */; };
		493651F02443780100120DAC /* MapVC.swift in Sources */ = {isa = PBXBuildFile; fileRef = 493651EF2443780100120DAC /* MapVC.swift */; };
		493652132443AA9000120DAC /* CustomPin.swift in Sources */ = {isa = PBXBuildFile; fileRef = 493652122443AA9000120DAC /* CustomPin.swift */; };
		49A5D2A3244357B6002E7D53 /* AppDelegate.swift in Sources */ = {isa = PBXBuildFile; fileRef = 49A5D2A2244357B6002E7D53 /* AppDelegate.swift */; };
		49A5D2A5244357B6002E7D53 /* SceneDelegate.swift in Sources */ = {isa = PBXBuildFile; fileRef = 49A5D2A4244357B6002E7D53 /* SceneDelegate.swift */; };
		49A5D2A7244357B6002E7D53 /* ViewController.swift in Sources */ = {isa = PBXBuildFile; fileRef = 49A5D2A6244357B6002E7D53 /* ViewController.swift */; };
		49A5D2AC244357B9002E7D53 /* Assets.xcassets in Resources */ = {isa = PBXBuildFile; fileRef = 49A5D2AB244357B9002E7D53 /* Assets.xcassets */; };
		49A5D2AF244357B9002E7D53 /* LaunchScreen.storyboard in Resources */ = {isa = PBXBuildFile; fileRef = 49A5D2AD244357B9002E7D53 /* LaunchScreen.storyboard */; };
		49C0888224436C3600EBEAE5 /* MonumentManager.swift in Sources */ = {isa = PBXBuildFile; fileRef = 49C0888124436C3600EBEAE5 /* MonumentManager.swift */; };
		49C0F41A2450AB450016212D /* MonumentNavigationCell.swift in Sources */ = {isa = PBXBuildFile; fileRef = 49C0F4192450AB450016212D /* MonumentNavigationCell.swift */; };
		49C1B0A42450B713007B5808 /* MonumentNavigationDetail.swift in Sources */ = {isa = PBXBuildFile; fileRef = 49C1B0A32450B713007B5808 /* MonumentNavigationDetail.swift */; };
		49C1B0A62451B00D007B5808 /* RouteRequest.swift in Sources */ = {isa = PBXBuildFile; fileRef = 49C1B0A52451B00D007B5808 /* RouteRequest.swift */; };
		49E9D03A244C92BC00E79D5F /* K.swift in Sources */ = {isa = PBXBuildFile; fileRef = 49E9D039244C92BC00E79D5F /* K.swift */; };
		49E9D03C244CB03E00E79D5F /* WikipediaManager.swift in Sources */ = {isa = PBXBuildFile; fileRef = 49E9D03B244CB03E00E79D5F /* WikipediaManager.swift */; };
		49E9D03E244CBFA000E79D5F /* CustomPlainAV.swift in Sources */ = {isa = PBXBuildFile; fileRef = 49E9D03D244CBFA000E79D5F /* CustomPlainAV.swift */; };
		49E9D068244DC26300E79D5F /* WikiManagerCoord.swift in Sources */ = {isa = PBXBuildFile; fileRef = 49E9D067244DC26300E79D5F /* WikiManagerCoord.swift */; };
		49E9D06C244DC5C200E79D5F /* MonumentAnnotation.swift in Sources */ = {isa = PBXBuildFile; fileRef = 49E9D06B244DC5C200E79D5F /* MonumentAnnotation.swift */; };
		49E9D06E244DC93100E79D5F /* MonumentAnnotationView.swift in Sources */ = {isa = PBXBuildFile; fileRef = 49E9D06D244DC93100E79D5F /* MonumentAnnotationView.swift */; };
		49E9D071244DD07F00E79D5F /* WikiMapDetailVC.swift in Sources */ = {isa = PBXBuildFile; fileRef = 49E9D070244DD07F00E79D5F /* WikiMapDetailVC.swift */; };
		49E9D073244DEB4200E79D5F /* NavigationVC.swift in Sources */ = {isa = PBXBuildFile; fileRef = 49E9D072244DEB4200E79D5F /* NavigationVC.swift */; };
		49E9D075244DEBAE00E79D5F /* NavigationMetricsVC.swift in Sources */ = {isa = PBXBuildFile; fileRef = 49E9D074244DEBAE00E79D5F /* NavigationMetricsVC.swift */; };
		49E9D077244DEBE700E79D5F /* NavigationMetricsCell.swift in Sources */ = {isa = PBXBuildFile; fileRef = 49E9D076244DEBE700E79D5F /* NavigationMetricsCell.swift */; };
		49E9D07A244DEC2300E79D5F /* NavigationCell.swift in Sources */ = {isa = PBXBuildFile; fileRef = 49E9D079244DEC2300E79D5F /* NavigationCell.swift */; };
		49E9D07C244DEC4E00E79D5F /* PointOfInterestVC.swift in Sources */ = {isa = PBXBuildFile; fileRef = 49E9D07B244DEC4E00E79D5F /* PointOfInterestVC.swift */; };
		49E9D07E244DEC6700E79D5F /* PoisCell.swift in Sources */ = {isa = PBXBuildFile; fileRef = 49E9D07D244DEC6700E79D5F /* PoisCell.swift */; };
		49E9D080244DEC7300E79D5F /* BarChartCell.swift in Sources */ = {isa = PBXBuildFile; fileRef = 49E9D07F244DEC7300E79D5F /* BarChartCell.swift */; };
		49F903DF244F9B0D004B7831 /* TripAverageMetricsCell.swift in Sources */ = {isa = PBXBuildFile; fileRef = 49F903DE244F9B0D004B7831 /* TripAverageMetricsCell.swift */; };
		49F903E1244F9B61004B7831 /* CommonPoisCell.swift in Sources */ = {isa = PBXBuildFile; fileRef = 49F903E0244F9B61004B7831 /* CommonPoisCell.swift */; };
		ECA2330156F51584A04976D1 /* Pods_Navmate.framework in Frameworks */ = {isa = PBXBuildFile; fileRef = A02C9004A13744DAE10D7093 /* Pods_Navmate.framework */; };
/* End PBXBuildFile section */

/* Begin PBXFileReference section */
		19B8211BA190B80914D432E6 /* Pods-Navmate.release.xcconfig */ = {isa = PBXFileReference; includeInIndex = 1; lastKnownFileType = text.xcconfig; name = "Pods-Navmate.release.xcconfig"; path = "Target Support Files/Pods-Navmate/Pods-Navmate.release.xcconfig"; sourceTree = "<group>"; };
		4900D283244858F50065752F /* SearchVC.swift */ = {isa = PBXFileReference; lastKnownFileType = sourcecode.swift; path = SearchVC.swift; sourceTree = "<group>"; };
		4900D2A72449D0C30065752F /* ResearchCell.swift */ = {isa = PBXFileReference; lastKnownFileType = sourcecode.swift; path = ResearchCell.swift; sourceTree = "<group>"; };
		4900D2A92449DE900065752F /* routingManager.swift */ = {isa = PBXFileReference; fileEncoding = 4; lastKnownFileType = sourcecode.swift; path = routingManager.swift; sourceTree = "<group>"; };
		4900D2AA2449DE910065752F /* Route.swift */ = {isa = PBXFileReference; fileEncoding = 4; lastKnownFileType = sourcecode.swift; path = Route.swift; sourceTree = "<group>"; };
		4900D2AB2449DE910065752F /* Locator.swift */ = {isa = PBXFileReference; fileEncoding = 4; lastKnownFileType = sourcecode.swift; path = Locator.swift; sourceTree = "<group>"; };
		4906C820244ED2CD00D23F3E /* WikiDetailVC.swift */ = {isa = PBXFileReference; lastKnownFileType = sourcecode.swift; path = WikiDetailVC.swift; sourceTree = "<group>"; };
		4929C01724504F6D00D40931 /* gare.gpx */ = {isa = PBXFileReference; fileEncoding = 4; lastKnownFileType = text.xml; path = gare.gpx; sourceTree = "<group>"; };
		4929C019245061A100D40931 /* lyonFast.gpx */ = {isa = PBXFileReference; fileEncoding = 4; lastKnownFileType = text.xml; path = lyonFast.gpx; sourceTree = "<group>"; };
		4929C01B2450772200D40931 /* lyontoAlbatrosWalk.gpx */ = {isa = PBXFileReference; fileEncoding = 4; lastKnownFileType = text.xml; path = lyontoAlbatrosWalk.gpx; sourceTree = "<group>"; };
		4929C01E2450831F00D40931 /* AvgMetricsCell.swift */ = {isa = PBXFileReference; lastKnownFileType = sourcecode.swift; path = AvgMetricsCell.swift; sourceTree = "<group>"; };
		49355828244B37410023F848 /* Keys.swift */ = {isa = PBXFileReference; lastKnownFileType = sourcecode.swift; path = Keys.swift; sourceTree = "<group>"; };
		4935582B244B5BF70023F848 /* DirectionGoCell.swift */ = {isa = PBXFileReference; lastKnownFileType = sourcecode.swift; path = DirectionGoCell.swift; sourceTree = "<group>"; };
		4935582D244B5CF40023F848 /* DirectionVC.swift */ = {isa = PBXFileReference; lastKnownFileType = sourcecode.swift; path = DirectionVC.swift; sourceTree = "<group>"; };
		4935582F244B5F0B0023F848 /* DirectionOptionsCell.swift */ = {isa = PBXFileReference; lastKnownFileType = sourcecode.swift; path = DirectionOptionsCell.swift; sourceTree = "<group>"; };
		49355831244B71D30023F848 /* RouteQueryModel.swift */ = {isa = PBXFileReference; lastKnownFileType = sourcecode.swift; path = RouteQueryModel.swift; sourceTree = "<group>"; };
		49355834244C875C0023F848 /* MonumentCell.swift */ = {isa = PBXFileReference; lastKnownFileType = sourcecode.swift; path = MonumentCell.swift; sourceTree = "<group>"; };
		49355836244C88DA0023F848 /* MonumentSearchDetailCell.swift */ = {isa = PBXFileReference; lastKnownFileType = sourcecode.swift; path = MonumentSearchDetailCell.swift; sourceTree = "<group>"; };
		493651EF2443780100120DAC /* MapVC.swift */ = {isa = PBXFileReference; lastKnownFileType = sourcecode.swift; path = MapVC.swift; sourceTree = "<group>"; };
		493652122443AA9000120DAC /* CustomPin.swift */ = {isa = PBXFileReference; lastKnownFileType = sourcecode.swift; path = CustomPin.swift; sourceTree = "<group>"; };
		49A5D29F244357B6002E7D53 /* Navmate.app */ = {isa = PBXFileReference; explicitFileType = wrapper.application; includeInIndex = 0; path = Navmate.app; sourceTree = BUILT_PRODUCTS_DIR; };
		49A5D2A2244357B6002E7D53 /* AppDelegate.swift */ = {isa = PBXFileReference; lastKnownFileType = sourcecode.swift; path = AppDelegate.swift; sourceTree = "<group>"; };
		49A5D2A4244357B6002E7D53 /* SceneDelegate.swift */ = {isa = PBXFileReference; lastKnownFileType = sourcecode.swift; path = SceneDelegate.swift; sourceTree = "<group>"; };
		49A5D2A6244357B6002E7D53 /* ViewController.swift */ = {isa = PBXFileReference; lastKnownFileType = sourcecode.swift; path = ViewController.swift; sourceTree = "<group>"; };
		49A5D2AB244357B9002E7D53 /* Assets.xcassets */ = {isa = PBXFileReference; lastKnownFileType = folder.assetcatalog; path = Assets.xcassets; sourceTree = "<group>"; };
		49A5D2AE244357B9002E7D53 /* Base */ = {isa = PBXFileReference; lastKnownFileType = file.storyboard; name = Base; path = Base.lproj/LaunchScreen.storyboard; sourceTree = "<group>"; };
		49A5D2B0244357B9002E7D53 /* Info.plist */ = {isa = PBXFileReference; lastKnownFileType = text.plist.xml; path = Info.plist; sourceTree = "<group>"; };
		49C0888124436C3600EBEAE5 /* MonumentManager.swift */ = {isa = PBXFileReference; lastKnownFileType = sourcecode.swift; path = MonumentManager.swift; sourceTree = "<group>"; };
		49C0F4192450AB450016212D /* MonumentNavigationCell.swift */ = {isa = PBXFileReference; lastKnownFileType = sourcecode.swift; path = MonumentNavigationCell.swift; sourceTree = "<group>"; };
		49C1B0A32450B713007B5808 /* MonumentNavigationDetail.swift */ = {isa = PBXFileReference; lastKnownFileType = sourcecode.swift; path = MonumentNavigationDetail.swift; sourceTree = "<group>"; };
		49C1B0A52451B00D007B5808 /* RouteRequest.swift */ = {isa = PBXFileReference; lastKnownFileType = sourcecode.swift; path = RouteRequest.swift; sourceTree = "<group>"; };
		49E9D039244C92BC00E79D5F /* K.swift */ = {isa = PBXFileReference; lastKnownFileType = sourcecode.swift; path = K.swift; sourceTree = "<group>"; };
		49E9D03B244CB03E00E79D5F /* WikipediaManager.swift */ = {isa = PBXFileReference; lastKnownFileType = sourcecode.swift; path = WikipediaManager.swift; sourceTree = "<group>"; };
		49E9D03D244CBFA000E79D5F /* CustomPlainAV.swift */ = {isa = PBXFileReference; lastKnownFileType = sourcecode.swift; path = CustomPlainAV.swift; sourceTree = "<group>"; };
		49E9D067244DC26300E79D5F /* WikiManagerCoord.swift */ = {isa = PBXFileReference; lastKnownFileType = sourcecode.swift; path = WikiManagerCoord.swift; sourceTree = "<group>"; };
		49E9D06B244DC5C200E79D5F /* MonumentAnnotation.swift */ = {isa = PBXFileReference; lastKnownFileType = sourcecode.swift; path = MonumentAnnotation.swift; sourceTree = "<group>"; };
		49E9D06D244DC93100E79D5F /* MonumentAnnotationView.swift */ = {isa = PBXFileReference; lastKnownFileType = sourcecode.swift; path = MonumentAnnotationView.swift; sourceTree = "<group>"; };
		49E9D070244DD07F00E79D5F /* WikiMapDetailVC.swift */ = {isa = PBXFileReference; lastKnownFileType = sourcecode.swift; path = WikiMapDetailVC.swift; sourceTree = "<group>"; };
		49E9D072244DEB4200E79D5F /* NavigationVC.swift */ = {isa = PBXFileReference; lastKnownFileType = sourcecode.swift; path = NavigationVC.swift; sourceTree = "<group>"; };
		49E9D074244DEBAE00E79D5F /* NavigationMetricsVC.swift */ = {isa = PBXFileReference; fileEncoding = 4; lastKnownFileType = sourcecode.swift; path = NavigationMetricsVC.swift; sourceTree = "<group>"; };
		49E9D076244DEBE700E79D5F /* NavigationMetricsCell.swift */ = {isa = PBXFileReference; lastKnownFileType = sourcecode.swift; path = NavigationMetricsCell.swift; sourceTree = "<group>"; };
		49E9D079244DEC2300E79D5F /* NavigationCell.swift */ = {isa = PBXFileReference; lastKnownFileType = sourcecode.swift; path = NavigationCell.swift; sourceTree = "<group>"; };
		49E9D07B244DEC4E00E79D5F /* PointOfInterestVC.swift */ = {isa = PBXFileReference; lastKnownFileType = sourcecode.swift; path = PointOfInterestVC.swift; sourceTree = "<group>"; };
		49E9D07D244DEC6700E79D5F /* PoisCell.swift */ = {isa = PBXFileReference; lastKnownFileType = sourcecode.swift; path = PoisCell.swift; sourceTree = "<group>"; };
		49E9D07F244DEC7300E79D5F /* BarChartCell.swift */ = {isa = PBXFileReference; lastKnownFileType = sourcecode.swift; path = BarChartCell.swift; sourceTree = "<group>"; };
		49F903DE244F9B0D004B7831 /* TripAverageMetricsCell.swift */ = {isa = PBXFileReference; lastKnownFileType = sourcecode.swift; path = TripAverageMetricsCell.swift; sourceTree = "<group>"; };
		49F903E0244F9B61004B7831 /* CommonPoisCell.swift */ = {isa = PBXFileReference; lastKnownFileType = sourcecode.swift; path = CommonPoisCell.swift; sourceTree = "<group>"; };
		6F29DEDA1BE51580029A3904 /* Pods-Navmate.debug.xcconfig */ = {isa = PBXFileReference; includeInIndex = 1; lastKnownFileType = text.xcconfig; name = "Pods-Navmate.debug.xcconfig"; path = "Target Support Files/Pods-Navmate/Pods-Navmate.debug.xcconfig"; sourceTree = "<group>"; };
		A02C9004A13744DAE10D7093 /* Pods_Navmate.framework */ = {isa = PBXFileReference; explicitFileType = wrapper.framework; includeInIndex = 0; path = Pods_Navmate.framework; sourceTree = BUILT_PRODUCTS_DIR; };
/* End PBXFileReference section */

/* Begin PBXFrameworksBuildPhase section */
		49A5D29C244357B6002E7D53 /* Frameworks */ = {
			isa = PBXFrameworksBuildPhase;
			buildActionMask = 2147483647;
			files = (
				ECA2330156F51584A04976D1 /* Pods_Navmate.framework in Frameworks */,
			);
			runOnlyForDeploymentPostprocessing = 0;
		};
/* End PBXFrameworksBuildPhase section */

/* Begin PBXGroup section */
		4906C822244ED2D700D23F3E /* Wikipédia */ = {
			isa = PBXGroup;
			children = (
				49E9D070244DD07F00E79D5F /* WikiMapDetailVC.swift */,
				4906C820244ED2CD00D23F3E /* WikiDetailVC.swift */,
			);
			name = "Wikipédia";
			path = "Wikipédia";
			sourceTree = "<group>";
		};
		4929C01D245082F500D40931 /* Stats metrics */ = {
			isa = PBXGroup;
			children = (
				49F903DE244F9B0D004B7831 /* TripAverageMetricsCell.swift */,
				4929C01E2450831F00D40931 /* AvgMetricsCell.swift */,
			);
			path = "Stats metrics";
			sourceTree = "<group>";
		};
		4935582A244B5BAD0023F848 /* DirectionOptions */ = {
			isa = PBXGroup;
			children = (
				4935582D244B5CF40023F848 /* DirectionVC.swift */,
				4935582B244B5BF70023F848 /* DirectionGoCell.swift */,
				4935582F244B5F0B0023F848 /* DirectionOptionsCell.swift */,
			);
			path = DirectionOptions;
			sourceTree = "<group>";
		};
		49355833244B76A90023F848 /* Search */ = {
			isa = PBXGroup;
			children = (
				4900D2A72449D0C30065752F /* ResearchCell.swift */,
				49355838244C88DE0023F848 /* MonumentsSearch */,
			);
			path = Search;
			sourceTree = "<group>";
		};
		49355838244C88DE0023F848 /* MonumentsSearch */ = {
			isa = PBXGroup;
			children = (
				49355834244C875C0023F848 /* MonumentCell.swift */,
				49355836244C88DA0023F848 /* MonumentSearchDetailCell.swift */,
			);
			path = MonumentsSearch;
			sourceTree = "<group>";
		};
		493652112443AA7E00120DAC /* Views */ = {
			isa = PBXGroup;
			children = (
				49F903EA245040D5004B7831 /* Annotations */,
				49F903E62450407A004B7831 /* Navigation metrics */,
				49F903E524504063004B7831 /* POIs */,
				49E9D06F244DC98700E79D5F /* MonumentAnnotations */,
				49355833244B76A90023F848 /* Search */,
				4935582A244B5BAD0023F848 /* DirectionOptions */,
				49F903E9245040B7004B7831 /* Navigation */,
			);
			path = Views;
			sourceTree = "<group>";
		};
		493652142443AF4200120DAC /* Model */ = {
			isa = PBXGroup;
			children = (
				49355828244B37410023F848 /* Keys.swift */,
				49F903E324504021004B7831 /* Monuments */,
				49E9D066244DC23900E79D5F /* Wikipedia */,
				49F903E22450400D004B7831 /* Routing */,
				49F903E424504032004B7831 /* Constants */,
			);
			name = Model;
			sourceTree = "<group>";
		};
		49A5D296244357B6002E7D53 = {
			isa = PBXGroup;
			children = (
				4929C01B2450772200D40931 /* lyontoAlbatrosWalk.gpx */,
				4929C01724504F6D00D40931 /* gare.gpx */,
				4929C019245061A100D40931 /* lyonFast.gpx */,
				49A5D2A1244357B6002E7D53 /* Navmate */,
				49A5D2A0244357B6002E7D53 /* Products */,
				76EB0CE726034E6F25289FDE /* Pods */,
				6240A07AFBDF64D06E6250E4 /* Frameworks */,
			);
			sourceTree = "<group>";
		};
		49A5D2A0244357B6002E7D53 /* Products */ = {
			isa = PBXGroup;
			children = (
				49A5D29F244357B6002E7D53 /* Navmate.app */,
			);
			name = Products;
			sourceTree = "<group>";
		};
		49A5D2A1244357B6002E7D53 /* Navmate */ = {
			isa = PBXGroup;
			children = (
				49A5D2A2244357B6002E7D53 /* AppDelegate.swift */,
				49A5D2A4244357B6002E7D53 /* SceneDelegate.swift */,
				493652142443AF4200120DAC /* Model */,
				493652112443AA7E00120DAC /* Views */,
				49A5D2B624435D53002E7D53 /* Controllers */,
				49A5D2AB244357B9002E7D53 /* Assets.xcassets */,
				49A5D2AD244357B9002E7D53 /* LaunchScreen.storyboard */,
				49A5D2B0244357B9002E7D53 /* Info.plist */,
			);
			path = Navmate;
			sourceTree = "<group>";
		};
		49A5D2B624435D53002E7D53 /* Controllers */ = {
			isa = PBXGroup;
			children = (
				49A5D2A6244357B6002E7D53 /* ViewController.swift */,
				49E9D083244DECFA00E79D5F /* Navigation */,
				4906C822244ED2D700D23F3E /* Wikipédia */,
				49F903E72450409C004B7831 /* Search */,
				49F903E8245040A9004B7831 /* Map */,
			);
			path = Controllers;
			sourceTree = "<group>";
		};
		49C0F4182450AB290016212D /* Monuments */ = {
			isa = PBXGroup;
			children = (
				49E9D07D244DEC6700E79D5F /* PoisCell.swift */,
				49C0F4192450AB450016212D /* MonumentNavigationCell.swift */,
				49C1B0A32450B713007B5808 /* MonumentNavigationDetail.swift */,
			);
			path = Monuments;
			sourceTree = "<group>";
		};
		49E9D066244DC23900E79D5F /* Wikipedia */ = {
			isa = PBXGroup;
			children = (
				49E9D03B244CB03E00E79D5F /* WikipediaManager.swift */,
				49E9D067244DC26300E79D5F /* WikiManagerCoord.swift */,
			);
			path = Wikipedia;
			sourceTree = "<group>";
		};
		49E9D06F244DC98700E79D5F /* MonumentAnnotations */ = {
			isa = PBXGroup;
			children = (
				49E9D06B244DC5C200E79D5F /* MonumentAnnotation.swift */,
				49E9D06D244DC93100E79D5F /* MonumentAnnotationView.swift */,
			);
			path = MonumentAnnotations;
			sourceTree = "<group>";
		};
		49E9D078244DEBF800E79D5F /* Navigation Metrics */ = {
			isa = PBXGroup;
			children = (
				49E9D074244DEBAE00E79D5F /* NavigationMetricsVC.swift */,
			);
			path = "Navigation Metrics";
			sourceTree = "<group>";
		};
		49E9D082244DEC8500E79D5F /* POIs */ = {
			isa = PBXGroup;
			children = (
				49E9D07B244DEC4E00E79D5F /* PointOfInterestVC.swift */,
			);
			path = POIs;
			sourceTree = "<group>";
		};
		49E9D083244DECFA00E79D5F /* Navigation */ = {
			isa = PBXGroup;
			children = (
				49E9D072244DEB4200E79D5F /* NavigationVC.swift */,
				49E9D078244DEBF800E79D5F /* Navigation Metrics */,
				49E9D082244DEC8500E79D5F /* POIs */,
			);
			path = Navigation;
			sourceTree = "<group>";
		};
		49F903E22450400D004B7831 /* Routing */ = {
			isa = PBXGroup;
			children = (
				49355831244B71D30023F848 /* RouteQueryModel.swift */,
				4900D2AB2449DE910065752F /* Locator.swift */,
				49C1B0A52451B00D007B5808 /* RouteRequest.swift */,
				4900D2AA2449DE910065752F /* Route.swift */,
				4900D2A92449DE900065752F /* routingManager.swift */,
			);
			path = Routing;
			sourceTree = "<group>";
		};
		49F903E324504021004B7831 /* Monuments */ = {
			isa = PBXGroup;
			children = (
				49C0888124436C3600EBEAE5 /* MonumentManager.swift */,
			);
			path = Monuments;
			sourceTree = "<group>";
		};
		49F903E424504032004B7831 /* Constants */ = {
			isa = PBXGroup;
			children = (
				49E9D039244C92BC00E79D5F /* K.swift */,
			);
			path = Constants;
			sourceTree = "<group>";
		};
		49F903E524504063004B7831 /* POIs */ = {
			isa = PBXGroup;
			children = (
				49F903E0244F9B61004B7831 /* CommonPoisCell.swift */,
				49E9D07F244DEC7300E79D5F /* BarChartCell.swift */,
				4929C01D245082F500D40931 /* Stats metrics */,
				49C0F4182450AB290016212D /* Monuments */,
			);
			path = POIs;
			sourceTree = "<group>";
		};
		49F903E62450407A004B7831 /* Navigation metrics */ = {
			isa = PBXGroup;
			children = (
				49E9D076244DEBE700E79D5F /* NavigationMetricsCell.swift */,
			);
			path = "Navigation metrics";
			sourceTree = "<group>";
		};
		49F903E72450409C004B7831 /* Search */ = {
			isa = PBXGroup;
			children = (
				4900D283244858F50065752F /* SearchVC.swift */,
			);
			path = Search;
			sourceTree = "<group>";
		};
		49F903E8245040A9004B7831 /* Map */ = {
			isa = PBXGroup;
			children = (
				493651EF2443780100120DAC /* MapVC.swift */,
			);
			path = Map;
			sourceTree = "<group>";
		};
		49F903E9245040B7004B7831 /* Navigation */ = {
			isa = PBXGroup;
			children = (
				49E9D079244DEC2300E79D5F /* NavigationCell.swift */,
			);
			path = Navigation;
			sourceTree = "<group>";
		};
		49F903EA245040D5004B7831 /* Annotations */ = {
			isa = PBXGroup;
			children = (
				493652122443AA9000120DAC /* CustomPin.swift */,
				49E9D03D244CBFA000E79D5F /* CustomPlainAV.swift */,
			);
			path = Annotations;
			sourceTree = "<group>";
		};
		6240A07AFBDF64D06E6250E4 /* Frameworks */ = {
			isa = PBXGroup;
			children = (
				A02C9004A13744DAE10D7093 /* Pods_Navmate.framework */,
			);
			name = Frameworks;
			sourceTree = "<group>";
		};
		76EB0CE726034E6F25289FDE /* Pods */ = {
			isa = PBXGroup;
			children = (
				6F29DEDA1BE51580029A3904 /* Pods-Navmate.debug.xcconfig */,
				19B8211BA190B80914D432E6 /* Pods-Navmate.release.xcconfig */,
			);
			path = Pods;
			sourceTree = "<group>";
		};
/* End PBXGroup section */

/* Begin PBXNativeTarget section */
		49A5D29E244357B6002E7D53 /* Navmate */ = {
			isa = PBXNativeTarget;
			buildConfigurationList = 49A5D2B3244357B9002E7D53 /* Build configuration list for PBXNativeTarget "Navmate" */;
			buildPhases = (
				1B3BDEE279C9E99EB82B6109 /* [CP] Check Pods Manifest.lock */,
				49A5D29B244357B6002E7D53 /* Sources */,
				49A5D29C244357B6002E7D53 /* Frameworks */,
				49A5D29D244357B6002E7D53 /* Resources */,
				CB4BD5D9A33AD7CE7C4FA306 /* [CP] Embed Pods Frameworks */,
			);
			buildRules = (
			);
			dependencies = (
			);
			name = Navmate;
			productName = Navmate;
			productReference = 49A5D29F244357B6002E7D53 /* Navmate.app */;
			productType = "com.apple.product-type.application";
		};
/* End PBXNativeTarget section */

/* Begin PBXProject section */
		49A5D297244357B6002E7D53 /* Project object */ = {
			isa = PBXProject;
			attributes = {
				LastSwiftUpdateCheck = 1130;
				LastUpgradeCheck = 1130;
				ORGANIZATIONNAME = "Gautier Billard";
				TargetAttributes = {
					49A5D29E244357B6002E7D53 = {
						CreatedOnToolsVersion = 11.3;
					};
				};
			};
			buildConfigurationList = 49A5D29A244357B6002E7D53 /* Build configuration list for PBXProject "Navmate" */;
			compatibilityVersion = "Xcode 9.3";
			developmentRegion = en;
			hasScannedForEncodings = 0;
			knownRegions = (
				en,
				Base,
			);
			mainGroup = 49A5D296244357B6002E7D53;
			productRefGroup = 49A5D2A0244357B6002E7D53 /* Products */;
			projectDirPath = "";
			projectRoot = "";
			targets = (
				49A5D29E244357B6002E7D53 /* Navmate */,
			);
		};
/* End PBXProject section */

/* Begin PBXResourcesBuildPhase section */
		49A5D29D244357B6002E7D53 /* Resources */ = {
			isa = PBXResourcesBuildPhase;
			buildActionMask = 2147483647;
			files = (
				4929C01C2450772300D40931 /* lyontoAlbatrosWalk.gpx in Resources */,
				49A5D2AF244357B9002E7D53 /* LaunchScreen.storyboard in Resources */,
				4929C01A245061A100D40931 /* lyonFast.gpx in Resources */,
				49A5D2AC244357B9002E7D53 /* Assets.xcassets in Resources */,
				4929C01824504F6D00D40931 /* gare.gpx in Resources */,
			);
			runOnlyForDeploymentPostprocessing = 0;
		};
/* End PBXResourcesBuildPhase section */

/* Begin PBXShellScriptBuildPhase section */
		1B3BDEE279C9E99EB82B6109 /* [CP] Check Pods Manifest.lock */ = {
			isa = PBXShellScriptBuildPhase;
			buildActionMask = 2147483647;
			files = (
			);
			inputFileListPaths = (
			);
			inputPaths = (
				"${PODS_PODFILE_DIR_PATH}/Podfile.lock",
				"${PODS_ROOT}/Manifest.lock",
			);
			name = "[CP] Check Pods Manifest.lock";
			outputFileListPaths = (
			);
			outputPaths = (
				"$(DERIVED_FILE_DIR)/Pods-Navmate-checkManifestLockResult.txt",
			);
			runOnlyForDeploymentPostprocessing = 0;
			shellPath = /bin/sh;
			shellScript = "diff \"${PODS_PODFILE_DIR_PATH}/Podfile.lock\" \"${PODS_ROOT}/Manifest.lock\" > /dev/null\nif [ $? != 0 ] ; then\n    # print error to STDERR\n    echo \"error: The sandbox is not in sync with the Podfile.lock. Run 'pod install' or update your CocoaPods installation.\" >&2\n    exit 1\nfi\n# This output is used by Xcode 'outputs' to avoid re-running this script phase.\necho \"SUCCESS\" > \"${SCRIPT_OUTPUT_FILE_0}\"\n";
			showEnvVarsInLog = 0;
		};
		CB4BD5D9A33AD7CE7C4FA306 /* [CP] Embed Pods Frameworks */ = {
			isa = PBXShellScriptBuildPhase;
			buildActionMask = 2147483647;
			files = (
			);
			inputFileListPaths = (
				"${PODS_ROOT}/Target Support Files/Pods-Navmate/Pods-Navmate-frameworks-${CONFIGURATION}-input-files.xcfilelist",
			);
			name = "[CP] Embed Pods Frameworks";
			outputFileListPaths = (
				"${PODS_ROOT}/Target Support Files/Pods-Navmate/Pods-Navmate-frameworks-${CONFIGURATION}-output-files.xcfilelist",
			);
			runOnlyForDeploymentPostprocessing = 0;
			shellPath = /bin/sh;
			shellScript = "\"${PODS_ROOT}/Target Support Files/Pods-Navmate/Pods-Navmate-frameworks.sh\"\n";
			showEnvVarsInLog = 0;
		};
/* End PBXShellScriptBuildPhase section */

/* Begin PBXSourcesBuildPhase section */
		49A5D29B244357B6002E7D53 /* Sources */ = {
			isa = PBXSourcesBuildPhase;
			buildActionMask = 2147483647;
			files = (
				49355832244B71D30023F848 /* RouteQueryModel.swift in Sources */,
				49C1B0A42450B713007B5808 /* MonumentNavigationDetail.swift in Sources */,
				49E9D077244DEBE700E79D5F /* NavigationMetricsCell.swift in Sources */,
				4900D284244858F50065752F /* SearchVC.swift in Sources */,
				49A5D2A7244357B6002E7D53 /* ViewController.swift in Sources */,
				49E9D03C244CB03E00E79D5F /* WikipediaManager.swift in Sources */,
				49E9D07E244DEC6700E79D5F /* PoisCell.swift in Sources */,
				4900D2AD2449DE910065752F /* Route.swift in Sources */,
				49E9D03E244CBFA000E79D5F /* CustomPlainAV.swift in Sources */,
				4929C01F2450831F00D40931 /* AvgMetricsCell.swift in Sources */,
				49E9D075244DEBAE00E79D5F /* NavigationMetricsVC.swift in Sources */,
				49C0F41A2450AB450016212D /* MonumentNavigationCell.swift in Sources */,
				49F903E1244F9B61004B7831 /* CommonPoisCell.swift in Sources */,
				49355829244B37410023F848 /* Keys.swift in Sources */,
				49F903DF244F9B0D004B7831 /* TripAverageMetricsCell.swift in Sources */,
				49E9D068244DC26300E79D5F /* WikiManagerCoord.swift in Sources */,
				493652132443AA9000120DAC /* CustomPin.swift in Sources */,
				493651F02443780100120DAC /* MapVC.swift in Sources */,
				49E9D07C244DEC4E00E79D5F /* PointOfInterestVC.swift in Sources */,
				49E9D07A244DEC2300E79D5F /* NavigationCell.swift in Sources */,
				49355830244B5F0B0023F848 /* DirectionOptionsCell.swift in Sources */,
				4935582E244B5CF40023F848 /* DirectionVC.swift in Sources */,
				4900D2A82449D0C30065752F /* ResearchCell.swift in Sources */,
				49355835244C875C0023F848 /* MonumentCell.swift in Sources */,
				4900D2AC2449DE910065752F /* routingManager.swift in Sources */,
				49E9D080244DEC7300E79D5F /* BarChartCell.swift in Sources */,
				4935582C244B5BF70023F848 /* DirectionGoCell.swift in Sources */,
				49E9D073244DEB4200E79D5F /* NavigationVC.swift in Sources */,
				49C1B0A62451B00D007B5808 /* RouteRequest.swift in Sources */,
				49E9D06E244DC93100E79D5F /* MonumentAnnotationView.swift in Sources */,
				49E9D03A244C92BC00E79D5F /* K.swift in Sources */,
				4900D2AE2449DE910065752F /* Locator.swift in Sources */,
				49E9D071244DD07F00E79D5F /* WikiMapDetailVC.swift in Sources */,
				49A5D2A3244357B6002E7D53 /* AppDelegate.swift in Sources */,
				49C0888224436C3600EBEAE5 /* MonumentManager.swift in Sources */,
				49A5D2A5244357B6002E7D53 /* SceneDelegate.swift in Sources */,
				4906C821244ED2CD00D23F3E /* WikiDetailVC.swift in Sources */,
				49E9D06C244DC5C200E79D5F /* MonumentAnnotation.swift in Sources */,
				49355837244C88DA0023F848 /* MonumentSearchDetailCell.swift in Sources */,
			);
			runOnlyForDeploymentPostprocessing = 0;
		};
/* End PBXSourcesBuildPhase section */

/* Begin PBXVariantGroup section */
		49A5D2AD244357B9002E7D53 /* LaunchScreen.storyboard */ = {
			isa = PBXVariantGroup;
			children = (
				49A5D2AE244357B9002E7D53 /* Base */,
			);
			name = LaunchScreen.storyboard;
			sourceTree = "<group>";
		};
/* End PBXVariantGroup section */

/* Begin XCBuildConfiguration section */
		49A5D2B1244357B9002E7D53 /* Debug */ = {
			isa = XCBuildConfiguration;
			buildSettings = {
				ALWAYS_SEARCH_USER_PATHS = NO;
				CLANG_ANALYZER_NONNULL = YES;
				CLANG_ANALYZER_NUMBER_OBJECT_CONVERSION = YES_AGGRESSIVE;
				CLANG_CXX_LANGUAGE_STANDARD = "gnu++14";
				CLANG_CXX_LIBRARY = "libc++";
				CLANG_ENABLE_MODULES = YES;
				CLANG_ENABLE_OBJC_ARC = YES;
				CLANG_ENABLE_OBJC_WEAK = YES;
				CLANG_WARN_BLOCK_CAPTURE_AUTORELEASING = YES;
				CLANG_WARN_BOOL_CONVERSION = YES;
				CLANG_WARN_COMMA = YES;
				CLANG_WARN_CONSTANT_CONVERSION = YES;
				CLANG_WARN_DEPRECATED_OBJC_IMPLEMENTATIONS = YES;
				CLANG_WARN_DIRECT_OBJC_ISA_USAGE = YES_ERROR;
				CLANG_WARN_DOCUMENTATION_COMMENTS = YES;
				CLANG_WARN_EMPTY_BODY = YES;
				CLANG_WARN_ENUM_CONVERSION = YES;
				CLANG_WARN_INFINITE_RECURSION = YES;
				CLANG_WARN_INT_CONVERSION = YES;
				CLANG_WARN_NON_LITERAL_NULL_CONVERSION = YES;
				CLANG_WARN_OBJC_IMPLICIT_RETAIN_SELF = YES;
				CLANG_WARN_OBJC_LITERAL_CONVERSION = YES;
				CLANG_WARN_OBJC_ROOT_CLASS = YES_ERROR;
				CLANG_WARN_RANGE_LOOP_ANALYSIS = YES;
				CLANG_WARN_STRICT_PROTOTYPES = YES;
				CLANG_WARN_SUSPICIOUS_MOVE = YES;
				CLANG_WARN_UNGUARDED_AVAILABILITY = YES_AGGRESSIVE;
				CLANG_WARN_UNREACHABLE_CODE = YES;
				CLANG_WARN__DUPLICATE_METHOD_MATCH = YES;
				COPY_PHASE_STRIP = NO;
				DEBUG_INFORMATION_FORMAT = dwarf;
				ENABLE_STRICT_OBJC_MSGSEND = YES;
				ENABLE_TESTABILITY = YES;
				GCC_C_LANGUAGE_STANDARD = gnu11;
				GCC_DYNAMIC_NO_PIC = NO;
				GCC_NO_COMMON_BLOCKS = YES;
				GCC_OPTIMIZATION_LEVEL = 0;
				GCC_PREPROCESSOR_DEFINITIONS = (
					"DEBUG=1",
					"$(inherited)",
				);
				GCC_WARN_64_TO_32_BIT_CONVERSION = YES;
				GCC_WARN_ABOUT_RETURN_TYPE = YES_ERROR;
				GCC_WARN_UNDECLARED_SELECTOR = YES;
				GCC_WARN_UNINITIALIZED_AUTOS = YES_AGGRESSIVE;
				GCC_WARN_UNUSED_FUNCTION = YES;
				GCC_WARN_UNUSED_VARIABLE = YES;
				IPHONEOS_DEPLOYMENT_TARGET = 13.2;
				MTL_ENABLE_DEBUG_INFO = INCLUDE_SOURCE;
				MTL_FAST_MATH = YES;
				ONLY_ACTIVE_ARCH = YES;
				SDKROOT = iphoneos;
				SWIFT_ACTIVE_COMPILATION_CONDITIONS = DEBUG;
				SWIFT_OPTIMIZATION_LEVEL = "-Onone";
			};
			name = Debug;
		};
		49A5D2B2244357B9002E7D53 /* Release */ = {
			isa = XCBuildConfiguration;
			buildSettings = {
				ALWAYS_SEARCH_USER_PATHS = NO;
				CLANG_ANALYZER_NONNULL = YES;
				CLANG_ANALYZER_NUMBER_OBJECT_CONVERSION = YES_AGGRESSIVE;
				CLANG_CXX_LANGUAGE_STANDARD = "gnu++14";
				CLANG_CXX_LIBRARY = "libc++";
				CLANG_ENABLE_MODULES = YES;
				CLANG_ENABLE_OBJC_ARC = YES;
				CLANG_ENABLE_OBJC_WEAK = YES;
				CLANG_WARN_BLOCK_CAPTURE_AUTORELEASING = YES;
				CLANG_WARN_BOOL_CONVERSION = YES;
				CLANG_WARN_COMMA = YES;
				CLANG_WARN_CONSTANT_CONVERSION = YES;
				CLANG_WARN_DEPRECATED_OBJC_IMPLEMENTATIONS = YES;
				CLANG_WARN_DIRECT_OBJC_ISA_USAGE = YES_ERROR;
				CLANG_WARN_DOCUMENTATION_COMMENTS = YES;
				CLANG_WARN_EMPTY_BODY = YES;
				CLANG_WARN_ENUM_CONVERSION = YES;
				CLANG_WARN_INFINITE_RECURSION = YES;
				CLANG_WARN_INT_CONVERSION = YES;
				CLANG_WARN_NON_LITERAL_NULL_CONVERSION = YES;
				CLANG_WARN_OBJC_IMPLICIT_RETAIN_SELF = YES;
				CLANG_WARN_OBJC_LITERAL_CONVERSION = YES;
				CLANG_WARN_OBJC_ROOT_CLASS = YES_ERROR;
				CLANG_WARN_RANGE_LOOP_ANALYSIS = YES;
				CLANG_WARN_STRICT_PROTOTYPES = YES;
				CLANG_WARN_SUSPICIOUS_MOVE = YES;
				CLANG_WARN_UNGUARDED_AVAILABILITY = YES_AGGRESSIVE;
				CLANG_WARN_UNREACHABLE_CODE = YES;
				CLANG_WARN__DUPLICATE_METHOD_MATCH = YES;
				COPY_PHASE_STRIP = NO;
				DEBUG_INFORMATION_FORMAT = "dwarf-with-dsym";
				ENABLE_NS_ASSERTIONS = NO;
				ENABLE_STRICT_OBJC_MSGSEND = YES;
				GCC_C_LANGUAGE_STANDARD = gnu11;
				GCC_NO_COMMON_BLOCKS = YES;
				GCC_WARN_64_TO_32_BIT_CONVERSION = YES;
				GCC_WARN_ABOUT_RETURN_TYPE = YES_ERROR;
				GCC_WARN_UNDECLARED_SELECTOR = YES;
				GCC_WARN_UNINITIALIZED_AUTOS = YES_AGGRESSIVE;
				GCC_WARN_UNUSED_FUNCTION = YES;
				GCC_WARN_UNUSED_VARIABLE = YES;
				IPHONEOS_DEPLOYMENT_TARGET = 13.2;
				MTL_ENABLE_DEBUG_INFO = NO;
				MTL_FAST_MATH = YES;
				SDKROOT = iphoneos;
				SWIFT_COMPILATION_MODE = wholemodule;
				SWIFT_OPTIMIZATION_LEVEL = "-O";
				VALIDATE_PRODUCT = YES;
			};
			name = Release;
		};
		49A5D2B4244357B9002E7D53 /* Debug */ = {
			isa = XCBuildConfiguration;
			baseConfigurationReference = 6F29DEDA1BE51580029A3904 /* Pods-Navmate.debug.xcconfig */;
			buildSettings = {
				ASSETCATALOG_COMPILER_APPICON_NAME = AppIcon;
				CODE_SIGN_STYLE = Automatic;
				DEVELOPMENT_TEAM = 3ZK349YW98;
				INFOPLIST_FILE = Navmate/Info.plist;
				LD_RUNPATH_SEARCH_PATHS = (
					"$(inherited)",
					"@executable_path/Frameworks",
				);
				PRODUCT_BUNDLE_IDENTIFIER = com.gautierbillard.Navmate;
				PRODUCT_NAME = "$(TARGET_NAME)";
				SWIFT_VERSION = 5.0;
				TARGETED_DEVICE_FAMILY = "1,2";
			};
			name = Debug;
		};
		49A5D2B5244357B9002E7D53 /* Release */ = {
			isa = XCBuildConfiguration;
			baseConfigurationReference = 19B8211BA190B80914D432E6 /* Pods-Navmate.release.xcconfig */;
			buildSettings = {
				ASSETCATALOG_COMPILER_APPICON_NAME = AppIcon;
				CODE_SIGN_STYLE = Automatic;
				DEVELOPMENT_TEAM = 3ZK349YW98;
				INFOPLIST_FILE = Navmate/Info.plist;
				LD_RUNPATH_SEARCH_PATHS = (
					"$(inherited)",
					"@executable_path/Frameworks",
				);
				PRODUCT_BUNDLE_IDENTIFIER = com.gautierbillard.Navmate;
				PRODUCT_NAME = "$(TARGET_NAME)";
				SWIFT_VERSION = 5.0;
				TARGETED_DEVICE_FAMILY = "1,2";
			};
			name = Release;
		};
/* End XCBuildConfiguration section */

/* Begin XCConfigurationList section */
		49A5D29A244357B6002E7D53 /* Build configuration list for PBXProject "Navmate" */ = {
			isa = XCConfigurationList;
			buildConfigurations = (
				49A5D2B1244357B9002E7D53 /* Debug */,
				49A5D2B2244357B9002E7D53 /* Release */,
			);
			defaultConfigurationIsVisible = 0;
			defaultConfigurationName = Release;
		};
		49A5D2B3244357B9002E7D53 /* Build configuration list for PBXNativeTarget "Navmate" */ = {
			isa = XCConfigurationList;
			buildConfigurations = (
				49A5D2B4244357B9002E7D53 /* Debug */,
				49A5D2B5244357B9002E7D53 /* Release */,
			);
			defaultConfigurationIsVisible = 0;
			defaultConfigurationName = Release;
		};
/* End XCConfigurationList section */
	};
	rootObject = 49A5D297244357B6002E7D53 /* Project object */;
}
