// !$*UTF8*$!
{
	archiveVersion = 1;
	classes = {
	};
	objectVersion = 51;
	objects = {

/* Begin PBXBuildFile section */
		4900D284244858F50065752F /* SearchVC.swift in Sources */ = {isa = PBXBuildFile; fileRef = 4900D283244858F50065752F /* SearchVC.swift */; };
		4900D2A82449D0C30065752F /* ResearchCell.swift in Sources */ = {isa = PBXBuildFile; fileRef = 4900D2A72449D0C30065752F /* ResearchCell.swift */; };
		4900D2AC2449DE910065752F /* routingManager.swift in Sources */ = {isa = PBXBuildFile; fileRef = 4900D2A92449DE900065752F /* routingManager.swift */; };
		4900D2AD2449DE910065752F /* Route.swift in Sources */ = {isa = PBXBuildFile; fileRef = 4900D2AA2449DE910065752F /* Route.swift */; };
		4900D2AE2449DE910065752F /* Locator.swift in Sources */ = {isa = PBXBuildFile; fileRef = 4900D2AB2449DE910065752F /* Locator.swift */; };
		4906C821244ED2CD00D23F3E /* WikiDetailVC.swift in Sources */ = {isa = PBXBuildFile; fileRef = 4906C820244ED2CD00D23F3E /* WikiDetailVC.swift */; };
		4907230D245F43EB00AB0E6F /* GoogleService-Info.plist in Resources */ = {isa = PBXBuildFile; fileRef = 4907230C245F43EB00AB0E6F /* GoogleService-Info.plist */; };
		4907230F245F603500AB0E6F /* userSettingsCell.swift in Sources */ = {isa = PBXBuildFile; fileRef = 4907230E245F603500AB0E6F /* userSettingsCell.swift */; };
		491DD4DD24597EA800754338 /* GasAnnotation.swift in Sources */ = {isa = PBXBuildFile; fileRef = 491DD4DC24597EA800754338 /* GasAnnotation.swift */; };
		491DD4DF24597F1E00754338 /* GasAnnotationView.swift in Sources */ = {isa = PBXBuildFile; fileRef = 491DD4DE24597F1E00754338 /* GasAnnotationView.swift */; };
		4920F10E245C7959005109BB /* progress.json in Resources */ = {isa = PBXBuildFile; fileRef = 4920F10D245C7959005109BB /* progress.json */; };
		4920F110245CB332005109BB /* magnifier.json in Resources */ = {isa = PBXBuildFile; fileRef = 4920F10F245CB332005109BB /* magnifier.json */; };
		4920F112245CB722005109BB /* magnifierWhite.json in Resources */ = {isa = PBXBuildFile; fileRef = 4920F111245CB721005109BB /* magnifierWhite.json */; };
		4920F114245CBA46005109BB /* searcher.json in Resources */ = {isa = PBXBuildFile; fileRef = 4920F113245CBA46005109BB /* searcher.json */; };
		4920F117245DCDFE005109BB /* UserLogIn.swift in Sources */ = {isa = PBXBuildFile; fileRef = 4920F116245DCDFE005109BB /* UserLogIn.swift */; };
		4920F119245DE321005109BB /* UserAccountPage.swift in Sources */ = {isa = PBXBuildFile; fileRef = 4920F118245DE321005109BB /* UserAccountPage.swift */; };
		4920F131245EB115005109BB /* NavmateUITests.swift in Sources */ = {isa = PBXBuildFile; fileRef = 4920F130245EB115005109BB /* NavmateUITests.swift */; };
		4920F13A245EFF94005109BB /* UserRecordCell.swift in Sources */ = {isa = PBXBuildFile; fileRef = 4920F139245EFF94005109BB /* UserRecordCell.swift */; };
		4929C01824504F6D00D40931 /* gare.gpx in Resources */ = {isa = PBXBuildFile; fileRef = 4929C01724504F6D00D40931 /* gare.gpx */; };
		4929C01A245061A100D40931 /* lyonFast.gpx in Resources */ = {isa = PBXBuildFile; fileRef = 4929C019245061A100D40931 /* lyonFast.gpx */; };
		4929C01C2450772300D40931 /* lyontoAlbatrosWalk.gpx in Resources */ = {isa = PBXBuildFile; fileRef = 4929C01B2450772200D40931 /* lyontoAlbatrosWalk.gpx */; };
		4929C01F2450831F00D40931 /* AvgMetricsCell.swift in Sources */ = {isa = PBXBuildFile; fileRef = 4929C01E2450831F00D40931 /* AvgMetricsCell.swift */; };
		49355829244B37410023F848 /* Keys.swift in Sources */ = {isa = PBXBuildFile; fileRef = 49355828244B37410023F848 /* Keys.swift */; };
		4935582C244B5BF70023F848 /* DirectionGoCell.swift in Sources */ = {isa = PBXBuildFile; fileRef = 4935582B244B5BF70023F848 /* DirectionGoCell.swift */; };
		4935582E244B5CF40023F848 /* DirectionVC.swift in Sources */ = {isa = PBXBuildFile; fileRef = 4935582D244B5CF40023F848 /* DirectionVC.swift */; };
		49355830244B5F0B0023F848 /* DirectionOptionsCell.swift in Sources */ = {isa = PBXBuildFile; fileRef = 4935582F244B5F0B0023F848 /* DirectionOptionsCell.swift */; };
		49355832244B71D30023F848 /* RouteQueryModel.swift in Sources */ = {isa = PBXBuildFile; fileRef = 49355831244B71D30023F848 /* RouteQueryModel.swift */; };
		49355835244C875C0023F848 /* MonumentCell.swift in Sources */ = {isa = PBXBuildFile; fileRef = 49355834244C875C0023F848 /* MonumentCell.swift */; };
		49355837244C88DA0023F848 /* MonumentSearchDetailCell.swift in Sources */ = {isa = PBXBuildFile; fileRef = 49355836244C88DA0023F848 /* MonumentSearchDetailCell.swift */; };
		493651F02443780100120DAC /* MapVC.swift in Sources */ = {isa = PBXBuildFile; fileRef = 493651EF2443780100120DAC /* MapVC.swift */; };
		493652132443AA9000120DAC /* CustomPin.swift in Sources */ = {isa = PBXBuildFile; fileRef = 493652122443AA9000120DAC /* CustomPin.swift */; };
		493F1F512455E40A0024BF1C /* MapKit.framework in Frameworks */ = {isa = PBXBuildFile; fileRef = 493F1F502455E40A0024BF1C /* MapKit.framework */; };
		493F1F532455E6690024BF1C /* NotificationManager.swift in Sources */ = {isa = PBXBuildFile; fileRef = 493F1F522455E6690024BF1C /* NotificationManager.swift */; };
		493F1F552455EE740024BF1C /* RoutingInterpret.swift in Sources */ = {isa = PBXBuildFile; fileRef = 493F1F542455EE740024BF1C /* RoutingInterpret.swift */; };
		493F1F57245768A20024BF1C /* LaunchView.swift in Sources */ = {isa = PBXBuildFile; fileRef = 493F1F56245768A20024BF1C /* LaunchView.swift */; };
		499A7226245F117D00C435D7 /* UserAchievementCell.swift in Sources */ = {isa = PBXBuildFile; fileRef = 499A7225245F117D00C435D7 /* UserAchievementCell.swift */; };
		499A722C245F3CFE00C435D7 /* AuthManager.swift in Sources */ = {isa = PBXBuildFile; fileRef = 499A722B245F3CFE00C435D7 /* AuthManager.swift */; };
		49A16CF9245316600096F430 /* lyonploermel.gpx in Resources */ = {isa = PBXBuildFile; fileRef = 49A16CF8245316600096F430 /* lyonploermel.gpx */; };
		49A16CFD2453224A0096F430 /* lyonSlow.gpx in Resources */ = {isa = PBXBuildFile; fileRef = 49A16CFC2453224A0096F430 /* lyonSlow.gpx */; };
		49A16CFF2453407D0096F430 /* eglantierGuerande.gpx in Resources */ = {isa = PBXBuildFile; fileRef = 49A16CFE2453407D0096F430 /* eglantierGuerande.gpx */; };
		49A16D5424542FC90096F430 /* sunny.json in Resources */ = {isa = PBXBuildFile; fileRef = 49A16D4524542FC20096F430 /* sunny.json */; };
		49A16D5524542FC90096F430 /* snowNight.json in Resources */ = {isa = PBXBuildFile; fileRef = 49A16D4624542FC30096F430 /* snowNight.json */; };
		49A16D5624542FC90096F430 /* windy.json in Resources */ = {isa = PBXBuildFile; fileRef = 49A16D4724542FC30096F430 /* windy.json */; };
		49A16D5724542FC90096F430 /* cloudyNight.json in Resources */ = {isa = PBXBuildFile; fileRef = 49A16D4824542FC40096F430 /* cloudyNight.json */; };
		49A16D5824542FC90096F430 /* snow.json in Resources */ = {isa = PBXBuildFile; fileRef = 49A16D4924542FC40096F430 /* snow.json */; };
		49A16D5924542FC90096F430 /* mist.json in Resources */ = {isa = PBXBuildFile; fileRef = 49A16D4A24542FC50096F430 /* mist.json */; };
		49A16D5A24542FC90096F430 /* thunder.json in Resources */ = {isa = PBXBuildFile; fileRef = 49A16D4B24542FC50096F430 /* thunder.json */; };
		49A16D5B24542FC90096F430 /* rainyNight.json in Resources */ = {isa = PBXBuildFile; fileRef = 49A16D4C24542FC50096F430 /* rainyNight.json */; };
		49A16D5C24542FC90096F430 /* partlyCloudy.json in Resources */ = {isa = PBXBuildFile; fileRef = 49A16D4D24542FC60096F430 /* partlyCloudy.json */; };
		49A16D5D24542FC90096F430 /* night.json in Resources */ = {isa = PBXBuildFile; fileRef = 49A16D4E24542FC60096F430 /* night.json */; };
		49A16D5E24542FC90096F430 /* foggy.json in Resources */ = {isa = PBXBuildFile; fileRef = 49A16D4F24542FC70096F430 /* foggy.json */; };
		49A16D5F24542FC90096F430 /* shower.json in Resources */ = {isa = PBXBuildFile; fileRef = 49A16D5024542FC70096F430 /* shower.json */; };
		49A16D6024542FC90096F430 /* storm.json in Resources */ = {isa = PBXBuildFile; fileRef = 49A16D5124542FC80096F430 /* storm.json */; };
		49A16D6124542FC90096F430 /* stormShower.json in Resources */ = {isa = PBXBuildFile; fileRef = 49A16D5224542FC80096F430 /* stormShower.json */; };
		49A16D6224542FC90096F430 /* snowSunny.json in Resources */ = {isa = PBXBuildFile; fileRef = 49A16D5324542FC90096F430 /* snowSunny.json */; };
		49A16D66245430250096F430 /* WeatherManager.swift in Sources */ = {isa = PBXBuildFile; fileRef = 49A16D65245430250096F430 /* WeatherManager.swift */; };
		49A5D2A3244357B6002E7D53 /* AppDelegate.swift in Sources */ = {isa = PBXBuildFile; fileRef = 49A5D2A2244357B6002E7D53 /* AppDelegate.swift */; };
		49A5D2A5244357B6002E7D53 /* SceneDelegate.swift in Sources */ = {isa = PBXBuildFile; fileRef = 49A5D2A4244357B6002E7D53 /* SceneDelegate.swift */; };
		49A5D2A7244357B6002E7D53 /* ViewController.swift in Sources */ = {isa = PBXBuildFile; fileRef = 49A5D2A6244357B6002E7D53 /* ViewController.swift */; };
		49A5D2AC244357B9002E7D53 /* Assets.xcassets in Resources */ = {isa = PBXBuildFile; fileRef = 49A5D2AB244357B9002E7D53 /* Assets.xcassets */; };
		49A5D2AF244357B9002E7D53 /* LaunchScreen.storyboard in Resources */ = {isa = PBXBuildFile; fileRef = 49A5D2AD244357B9002E7D53 /* LaunchScreen.storyboard */; };
		49C0888224436C3600EBEAE5 /* MonumentManager.swift in Sources */ = {isa = PBXBuildFile; fileRef = 49C0888124436C3600EBEAE5 /* MonumentManager.swift */; };
		49C0F41A2450AB450016212D /* MonumentNavigationCell.swift in Sources */ = {isa = PBXBuildFile; fileRef = 49C0F4192450AB450016212D /* MonumentNavigationCell.swift */; };
		49C1B0A42450B713007B5808 /* MonumentNavigationDetail.swift in Sources */ = {isa = PBXBuildFile; fileRef = 49C1B0A32450B713007B5808 /* MonumentNavigationDetail.swift */; };
		49C1B0A62451B00D007B5808 /* RouteRequest.swift in Sources */ = {isa = PBXBuildFile; fileRef = 49C1B0A52451B00D007B5808 /* RouteRequest.swift */; };
		49C1B0A82452262F007B5808 /* lyonAlbatrosCycle.gpx in Resources */ = {isa = PBXBuildFile; fileRef = 49C1B0A72452262F007B5808 /* lyonAlbatrosCycle.gpx */; };
		49C1B0AA2452C5D2007B5808 /* lyonCavalièreCycle.gpx in Resources */ = {isa = PBXBuildFile; fileRef = 49C1B0A92452C5D2007B5808 /* lyonCavalièreCycle.gpx */; };
		49DB71B2245B26FE00A143CD /* MonumentClusters.swift in Sources */ = {isa = PBXBuildFile; fileRef = 49DB71B1245B26FE00A143CD /* MonumentClusters.swift */; };
		49E9D03A244C92BC00E79D5F /* K.swift in Sources */ = {isa = PBXBuildFile; fileRef = 49E9D039244C92BC00E79D5F /* K.swift */; };
		49E9D03C244CB03E00E79D5F /* WikipediaManager.swift in Sources */ = {isa = PBXBuildFile; fileRef = 49E9D03B244CB03E00E79D5F /* WikipediaManager.swift */; };
		49E9D03E244CBFA000E79D5F /* CustomPlainAV.swift in Sources */ = {isa = PBXBuildFile; fileRef = 49E9D03D244CBFA000E79D5F /* CustomPlainAV.swift */; };
		49E9D068244DC26300E79D5F /* WikiManagerCoord.swift in Sources */ = {isa = PBXBuildFile; fileRef = 49E9D067244DC26300E79D5F /* WikiManagerCoord.swift */; };
		49E9D06C244DC5C200E79D5F /* MonumentAnnotation.swift in Sources */ = {isa = PBXBuildFile; fileRef = 49E9D06B244DC5C200E79D5F /* MonumentAnnotation.swift */; };
		49E9D06E244DC93100E79D5F /* MonumentAnnotationView.swift in Sources */ = {isa = PBXBuildFile; fileRef = 49E9D06D244DC93100E79D5F /* MonumentAnnotationView.swift */; };
		49E9D071244DD07F00E79D5F /* WikiMapDetailVC.swift in Sources */ = {isa = PBXBuildFile; fileRef = 49E9D070244DD07F00E79D5F /* WikiMapDetailVC.swift */; };
		49E9D073244DEB4200E79D5F /* NavigationVC.swift in Sources */ = {isa = PBXBuildFile; fileRef = 49E9D072244DEB4200E79D5F /* NavigationVC.swift */; };
		49E9D075244DEBAE00E79D5F /* NavigationMetricsVC.swift in Sources */ = {isa = PBXBuildFile; fileRef = 49E9D074244DEBAE00E79D5F /* NavigationMetricsVC.swift */; };
		49E9D077244DEBE700E79D5F /* NavigationMetricsCell.swift in Sources */ = {isa = PBXBuildFile; fileRef = 49E9D076244DEBE700E79D5F /* NavigationMetricsCell.swift */; };
		49E9D07A244DEC2300E79D5F /* NavigationCell.swift in Sources */ = {isa = PBXBuildFile; fileRef = 49E9D079244DEC2300E79D5F /* NavigationCell.swift */; };
		49E9D07C244DEC4E00E79D5F /* PointOfInterestVC.swift in Sources */ = {isa = PBXBuildFile; fileRef = 49E9D07B244DEC4E00E79D5F /* PointOfInterestVC.swift */; };
		49E9D07E244DEC6700E79D5F /* PoisCell.swift in Sources */ = {isa = PBXBuildFile; fileRef = 49E9D07D244DEC6700E79D5F /* PoisCell.swift */; };
		49E9D080244DEC7300E79D5F /* BarChartCell.swift in Sources */ = {isa = PBXBuildFile; fileRef = 49E9D07F244DEC7300E79D5F /* BarChartCell.swift */; };
		49F903DF244F9B0D004B7831 /* TripAverageMetricsCell.swift in Sources */ = {isa = PBXBuildFile; fileRef = 49F903DE244F9B0D004B7831 /* TripAverageMetricsCell.swift */; };
		49F903E1244F9B61004B7831 /* CommonPoisCell.swift in Sources */ = {isa = PBXBuildFile; fileRef = 49F903E0244F9B61004B7831 /* CommonPoisCell.swift */; };
		49FEACCA246348770095858E /* WikiMapDetailViewModel.swift in Sources */ = {isa = PBXBuildFile; fileRef = 49FEACC9246348770095858E /* WikiMapDetailViewModel.swift */; };
		ECA2330156F51584A04976D1 /* Pods_Navmate.framework in Frameworks */ = {isa = PBXBuildFile; fileRef = A02C9004A13744DAE10D7093 /* Pods_Navmate.framework */; };
/* End PBXBuildFile section */

/* Begin PBXContainerItemProxy section */
		4920F133245EB115005109BB /* PBXContainerItemProxy */ = {
			isa = PBXContainerItemProxy;
			containerPortal = 49A5D297244357B6002E7D53 /* Project object */;
			proxyType = 1;
			remoteGlobalIDString = 49A5D29E244357B6002E7D53;
			remoteInfo = Navmate;
		};
/* End PBXContainerItemProxy section */

/* Begin PBXFileReference section */
		19B8211BA190B80914D432E6 /* Pods-Navmate.release.xcconfig */ = {isa = PBXFileReference; includeInIndex = 1; lastKnownFileType = text.xcconfig; name = "Pods-Navmate.release.xcconfig"; path = "Target Support Files/Pods-Navmate/Pods-Navmate.release.xcconfig"; sourceTree = "<group>"; };
		4900D283244858F50065752F /* SearchVC.swift */ = {isa = PBXFileReference; lastKnownFileType = sourcecode.swift; path = SearchVC.swift; sourceTree = "<group>"; };
		4900D2A72449D0C30065752F /* ResearchCell.swift */ = {isa = PBXFileReference; lastKnownFileType = sourcecode.swift; path = ResearchCell.swift; sourceTree = "<group>"; };
		4900D2A92449DE900065752F /* routingManager.swift */ = {isa = PBXFileReference; fileEncoding = 4; lastKnownFileType = sourcecode.swift; path = routingManager.swift; sourceTree = "<group>"; };
		4900D2AA2449DE910065752F /* Route.swift */ = {isa = PBXFileReference; fileEncoding = 4; lastKnownFileType = sourcecode.swift; path = Route.swift; sourceTree = "<group>"; };
		4900D2AB2449DE910065752F /* Locator.swift */ = {isa = PBXFileReference; fileEncoding = 4; lastKnownFileType = sourcecode.swift; path = Locator.swift; sourceTree = "<group>"; };
		4906C820244ED2CD00D23F3E /* WikiDetailVC.swift */ = {isa = PBXFileReference; lastKnownFileType = sourcecode.swift; path = WikiDetailVC.swift; sourceTree = "<group>"; };
		4907230C245F43EB00AB0E6F /* GoogleService-Info.plist */ = {isa = PBXFileReference; fileEncoding = 4; lastKnownFileType = text.plist.xml; path = "GoogleService-Info.plist"; sourceTree = "<group>"; };
		4907230E245F603500AB0E6F /* userSettingsCell.swift */ = {isa = PBXFileReference; lastKnownFileType = sourcecode.swift; path = userSettingsCell.swift; sourceTree = "<group>"; };
		491DD4DC24597EA800754338 /* GasAnnotation.swift */ = {isa = PBXFileReference; lastKnownFileType = sourcecode.swift; path = GasAnnotation.swift; sourceTree = "<group>"; };
		491DD4DE24597F1E00754338 /* GasAnnotationView.swift */ = {isa = PBXFileReference; lastKnownFileType = sourcecode.swift; path = GasAnnotationView.swift; sourceTree = "<group>"; };
		4920F10D245C7959005109BB /* progress.json */ = {isa = PBXFileReference; fileEncoding = 4; lastKnownFileType = text.json; path = progress.json; sourceTree = "<group>"; };
		4920F10F245CB332005109BB /* magnifier.json */ = {isa = PBXFileReference; fileEncoding = 4; lastKnownFileType = text.json; path = magnifier.json; sourceTree = "<group>"; };
		4920F111245CB721005109BB /* magnifierWhite.json */ = {isa = PBXFileReference; fileEncoding = 4; lastKnownFileType = text.json; path = magnifierWhite.json; sourceTree = "<group>"; };
		4920F113245CBA46005109BB /* searcher.json */ = {isa = PBXFileReference; fileEncoding = 4; lastKnownFileType = text.json; path = searcher.json; sourceTree = "<group>"; };
		4920F116245DCDFE005109BB /* UserLogIn.swift */ = {isa = PBXFileReference; lastKnownFileType = sourcecode.swift; path = UserLogIn.swift; sourceTree = "<group>"; };
		4920F118245DE321005109BB /* UserAccountPage.swift */ = {isa = PBXFileReference; lastKnownFileType = sourcecode.swift; path = UserAccountPage.swift; sourceTree = "<group>"; };
		4920F12E245EB115005109BB /* NavmateUITests.xctest */ = {isa = PBXFileReference; explicitFileType = wrapper.cfbundle; includeInIndex = 0; path = NavmateUITests.xctest; sourceTree = BUILT_PRODUCTS_DIR; };
		4920F130245EB115005109BB /* NavmateUITests.swift */ = {isa = PBXFileReference; lastKnownFileType = sourcecode.swift; path = NavmateUITests.swift; sourceTree = "<group>"; };
		4920F132245EB115005109BB /* Info.plist */ = {isa = PBXFileReference; lastKnownFileType = text.plist.xml; path = Info.plist; sourceTree = "<group>"; };
		4920F139245EFF94005109BB /* UserRecordCell.swift */ = {isa = PBXFileReference; lastKnownFileType = sourcecode.swift; path = UserRecordCell.swift; sourceTree = "<group>"; };
		4929C01724504F6D00D40931 /* gare.gpx */ = {isa = PBXFileReference; fileEncoding = 4; lastKnownFileType = text.xml; path = gare.gpx; sourceTree = "<group>"; };
		4929C019245061A100D40931 /* lyonFast.gpx */ = {isa = PBXFileReference; fileEncoding = 4; lastKnownFileType = text.xml; path = lyonFast.gpx; sourceTree = "<group>"; };
		4929C01B2450772200D40931 /* lyontoAlbatrosWalk.gpx */ = {isa = PBXFileReference; fileEncoding = 4; lastKnownFileType = text.xml; path = lyontoAlbatrosWalk.gpx; sourceTree = "<group>"; };
		4929C01E2450831F00D40931 /* AvgMetricsCell.swift */ = {isa = PBXFileReference; lastKnownFileType = sourcecode.swift; path = AvgMetricsCell.swift; sourceTree = "<group>"; };
		49355828244B37410023F848 /* Keys.swift */ = {isa = PBXFileReference; lastKnownFileType = sourcecode.swift; path = Keys.swift; sourceTree = "<group>"; };
		4935582B244B5BF70023F848 /* DirectionGoCell.swift */ = {isa = PBXFileReference; lastKnownFileType = sourcecode.swift; path = DirectionGoCell.swift; sourceTree = "<group>"; };
		4935582D244B5CF40023F848 /* DirectionVC.swift */ = {isa = PBXFileReference; lastKnownFileType = sourcecode.swift; path = DirectionVC.swift; sourceTree = "<group>"; };
		4935582F244B5F0B0023F848 /* DirectionOptionsCell.swift */ = {isa = PBXFileReference; lastKnownFileType = sourcecode.swift; path = DirectionOptionsCell.swift; sourceTree = "<group>"; };
		49355831244B71D30023F848 /* RouteQueryModel.swift */ = {isa = PBXFileReference; lastKnownFileType = sourcecode.swift; path = RouteQueryModel.swift; sourceTree = "<group>"; };
		49355834244C875C0023F848 /* MonumentCell.swift */ = {isa = PBXFileReference; lastKnownFileType = sourcecode.swift; path = MonumentCell.swift; sourceTree = "<group>"; };
		49355836244C88DA0023F848 /* MonumentSearchDetailCell.swift */ = {isa = PBXFileReference; lastKnownFileType = sourcecode.swift; path = MonumentSearchDetailCell.swift; sourceTree = "<group>"; };
		493651EF2443780100120DAC /* MapVC.swift */ = {isa = PBXFileReference; lastKnownFileType = sourcecode.swift; path = MapVC.swift; sourceTree = "<group>"; };
		493652122443AA9000120DAC /* CustomPin.swift */ = {isa = PBXFileReference; lastKnownFileType = sourcecode.swift; path = CustomPin.swift; sourceTree = "<group>"; };
		493F1F502455E40A0024BF1C /* MapKit.framework */ = {isa = PBXFileReference; lastKnownFileType = wrapper.framework; name = MapKit.framework; path = System/Library/Frameworks/MapKit.framework; sourceTree = SDKROOT; };
		493F1F522455E6690024BF1C /* NotificationManager.swift */ = {isa = PBXFileReference; lastKnownFileType = sourcecode.swift; path = NotificationManager.swift; sourceTree = "<group>"; };
		493F1F542455EE740024BF1C /* RoutingInterpret.swift */ = {isa = PBXFileReference; lastKnownFileType = sourcecode.swift; path = RoutingInterpret.swift; sourceTree = "<group>"; };
		493F1F56245768A20024BF1C /* LaunchView.swift */ = {isa = PBXFileReference; lastKnownFileType = sourcecode.swift; path = LaunchView.swift; sourceTree = "<group>"; };
		499A7225245F117D00C435D7 /* UserAchievementCell.swift */ = {isa = PBXFileReference; lastKnownFileType = sourcecode.swift; path = UserAchievementCell.swift; sourceTree = "<group>"; };
		499A722B245F3CFE00C435D7 /* AuthManager.swift */ = {isa = PBXFileReference; lastKnownFileType = sourcecode.swift; path = AuthManager.swift; sourceTree = "<group>"; };
		49A16CF8245316600096F430 /* lyonploermel.gpx */ = {isa = PBXFileReference; fileEncoding = 4; lastKnownFileType = text.xml; path = lyonploermel.gpx; sourceTree = "<group>"; };
		49A16CFC2453224A0096F430 /* lyonSlow.gpx */ = {isa = PBXFileReference; fileEncoding = 4; lastKnownFileType = text.xml; path = lyonSlow.gpx; sourceTree = "<group>"; };
		49A16CFE2453407D0096F430 /* eglantierGuerande.gpx */ = {isa = PBXFileReference; fileEncoding = 4; lastKnownFileType = text.xml; path = eglantierGuerande.gpx; sourceTree = "<group>"; };
		49A16D4524542FC20096F430 /* sunny.json */ = {isa = PBXFileReference; fileEncoding = 4; lastKnownFileType = text.json; path = sunny.json; sourceTree = "<group>"; };
		49A16D4624542FC30096F430 /* snowNight.json */ = {isa = PBXFileReference; fileEncoding = 4; lastKnownFileType = text.json; path = snowNight.json; sourceTree = "<group>"; };
		49A16D4724542FC30096F430 /* windy.json */ = {isa = PBXFileReference; fileEncoding = 4; lastKnownFileType = text.json; path = windy.json; sourceTree = "<group>"; };
		49A16D4824542FC40096F430 /* cloudyNight.json */ = {isa = PBXFileReference; fileEncoding = 4; lastKnownFileType = text.json; path = cloudyNight.json; sourceTree = "<group>"; };
		49A16D4924542FC40096F430 /* snow.json */ = {isa = PBXFileReference; fileEncoding = 4; lastKnownFileType = text.json; path = snow.json; sourceTree = "<group>"; };
		49A16D4A24542FC50096F430 /* mist.json */ = {isa = PBXFileReference; fileEncoding = 4; lastKnownFileType = text.json; path = mist.json; sourceTree = "<group>"; };
		49A16D4B24542FC50096F430 /* thunder.json */ = {isa = PBXFileReference; fileEncoding = 4; lastKnownFileType = text.json; path = thunder.json; sourceTree = "<group>"; };
		49A16D4C24542FC50096F430 /* rainyNight.json */ = {isa = PBXFileReference; fileEncoding = 4; lastKnownFileType = text.json; path = rainyNight.json; sourceTree = "<group>"; };
		49A16D4D24542FC60096F430 /* partlyCloudy.json */ = {isa = PBXFileReference; fileEncoding = 4; lastKnownFileType = text.json; path = partlyCloudy.json; sourceTree = "<group>"; };
		49A16D4E24542FC60096F430 /* night.json */ = {isa = PBXFileReference; fileEncoding = 4; lastKnownFileType = text.json; path = night.json; sourceTree = "<group>"; };
		49A16D4F24542FC70096F430 /* foggy.json */ = {isa = PBXFileReference; fileEncoding = 4; lastKnownFileType = text.json; path = foggy.json; sourceTree = "<group>"; };
		49A16D5024542FC70096F430 /* shower.json */ = {isa = PBXFileReference; fileEncoding = 4; lastKnownFileType = text.json; path = shower.json; sourceTree = "<group>"; };
		49A16D5124542FC80096F430 /* storm.json */ = {isa = PBXFileReference; fileEncoding = 4; lastKnownFileType = text.json; path = storm.json; sourceTree = "<group>"; };
		49A16D5224542FC80096F430 /* stormShower.json */ = {isa = PBXFileReference; fileEncoding = 4; lastKnownFileType = text.json; path = stormShower.json; sourceTree = "<group>"; };
		49A16D5324542FC90096F430 /* snowSunny.json */ = {isa = PBXFileReference; fileEncoding = 4; lastKnownFileType = text.json; path = snowSunny.json; sourceTree = "<group>"; };
		49A16D65245430250096F430 /* WeatherManager.swift */ = {isa = PBXFileReference; lastKnownFileType = sourcecode.swift; path = WeatherManager.swift; sourceTree = "<group>"; };
		49A5D29F244357B6002E7D53 /* Navmate.app */ = {isa = PBXFileReference; explicitFileType = wrapper.application; includeInIndex = 0; path = Navmate.app; sourceTree = BUILT_PRODUCTS_DIR; };
		49A5D2A2244357B6002E7D53 /* AppDelegate.swift */ = {isa = PBXFileReference; lastKnownFileType = sourcecode.swift; path = AppDelegate.swift; sourceTree = "<group>"; };
		49A5D2A4244357B6002E7D53 /* SceneDelegate.swift */ = {isa = PBXFileReference; lastKnownFileType = sourcecode.swift; path = SceneDelegate.swift; sourceTree = "<group>"; };
		49A5D2A6244357B6002E7D53 /* ViewController.swift */ = {isa = PBXFileReference; lastKnownFileType = sourcecode.swift; path = ViewController.swift; sourceTree = "<group>"; };
		49A5D2AB244357B9002E7D53 /* Assets.xcassets */ = {isa = PBXFileReference; lastKnownFileType = folder.assetcatalog; path = Assets.xcassets; sourceTree = "<group>"; };
		49A5D2AE244357B9002E7D53 /* Base */ = {isa = PBXFileReference; lastKnownFileType = file.storyboard; name = Base; path = Base.lproj/LaunchScreen.storyboard; sourceTree = "<group>"; };
		49A5D2B0244357B9002E7D53 /* Info.plist */ = {isa = PBXFileReference; lastKnownFileType = text.plist.xml; path = Info.plist; sourceTree = "<group>"; };
		49C0888124436C3600EBEAE5 /* MonumentManager.swift */ = {isa = PBXFileReference; lastKnownFileType = sourcecode.swift; path = MonumentManager.swift; sourceTree = "<group>"; };
		49C0F4192450AB450016212D /* MonumentNavigationCell.swift */ = {isa = PBXFileReference; lastKnownFileType = sourcecode.swift; path = MonumentNavigationCell.swift; sourceTree = "<group>"; };
		49C1B0A32450B713007B5808 /* MonumentNavigationDetail.swift */ = {isa = PBXFileReference; lastKnownFileType = sourcecode.swift; path = MonumentNavigationDetail.swift; sourceTree = "<group>"; };
		49C1B0A52451B00D007B5808 /* RouteRequest.swift */ = {isa = PBXFileReference; lastKnownFileType = sourcecode.swift; path = RouteRequest.swift; sourceTree = "<group>"; };
		49C1B0A72452262F007B5808 /* lyonAlbatrosCycle.gpx */ = {isa = PBXFileReference; fileEncoding = 4; lastKnownFileType = text.xml; path = lyonAlbatrosCycle.gpx; sourceTree = "<group>"; };
		49C1B0A92452C5D2007B5808 /* lyonCavalièreCycle.gpx */ = {isa = PBXFileReference; fileEncoding = 4; lastKnownFileType = text.xml; path = "lyonCavalièreCycle.gpx"; sourceTree = "<group>"; };
		49DB71B1245B26FE00A143CD /* MonumentClusters.swift */ = {isa = PBXFileReference; lastKnownFileType = sourcecode.swift; path = MonumentClusters.swift; sourceTree = "<group>"; };
		49E9D039244C92BC00E79D5F /* K.swift */ = {isa = PBXFileReference; lastKnownFileType = sourcecode.swift; path = K.swift; sourceTree = "<group>"; };
		49E9D03B244CB03E00E79D5F /* WikipediaManager.swift */ = {isa = PBXFileReference; lastKnownFileType = sourcecode.swift; path = WikipediaManager.swift; sourceTree = "<group>"; };
		49E9D03D244CBFA000E79D5F /* CustomPlainAV.swift */ = {isa = PBXFileReference; lastKnownFileType = sourcecode.swift; path = CustomPlainAV.swift; sourceTree = "<group>"; };
		49E9D067244DC26300E79D5F /* WikiManagerCoord.swift */ = {isa = PBXFileReference; lastKnownFileType = sourcecode.swift; path = WikiManagerCoord.swift; sourceTree = "<group>"; };
		49E9D06B244DC5C200E79D5F /* MonumentAnnotation.swift */ = {isa = PBXFileReference; lastKnownFileType = sourcecode.swift; path = MonumentAnnotation.swift; sourceTree = "<group>"; };
		49E9D06D244DC93100E79D5F /* MonumentAnnotationView.swift */ = {isa = PBXFileReference; lastKnownFileType = sourcecode.swift; path = MonumentAnnotationView.swift; sourceTree = "<group>"; };
		49E9D070244DD07F00E79D5F /* WikiMapDetailVC.swift */ = {isa = PBXFileReference; lastKnownFileType = sourcecode.swift; path = WikiMapDetailVC.swift; sourceTree = "<group>"; };
		49E9D072244DEB4200E79D5F /* NavigationVC.swift */ = {isa = PBXFileReference; lastKnownFileType = sourcecode.swift; path = NavigationVC.swift; sourceTree = "<group>"; };
		49E9D074244DEBAE00E79D5F /* NavigationMetricsVC.swift */ = {isa = PBXFileReference; fileEncoding = 4; lastKnownFileType = sourcecode.swift; path = NavigationMetricsVC.swift; sourceTree = "<group>"; };
		49E9D076244DEBE700E79D5F /* NavigationMetricsCell.swift */ = {isa = PBXFileReference; lastKnownFileType = sourcecode.swift; path = NavigationMetricsCell.swift; sourceTree = "<group>"; };
		49E9D079244DEC2300E79D5F /* NavigationCell.swift */ = {isa = PBXFileReference; lastKnownFileType = sourcecode.swift; path = NavigationCell.swift; sourceTree = "<group>"; };
		49E9D07B244DEC4E00E79D5F /* PointOfInterestVC.swift */ = {isa = PBXFileReference; lastKnownFileType = sourcecode.swift; path = PointOfInterestVC.swift; sourceTree = "<group>"; };
		49E9D07D244DEC6700E79D5F /* PoisCell.swift */ = {isa = PBXFileReference; lastKnownFileType = sourcecode.swift; path = PoisCell.swift; sourceTree = "<group>"; };
		49E9D07F244DEC7300E79D5F /* BarChartCell.swift */ = {isa = PBXFileReference; lastKnownFileType = sourcecode.swift; path = BarChartCell.swift; sourceTree = "<group>"; };
		49F903DE244F9B0D004B7831 /* TripAverageMetricsCell.swift */ = {isa = PBXFileReference; lastKnownFileType = sourcecode.swift; path = TripAverageMetricsCell.swift; sourceTree = "<group>"; };
		49F903E0244F9B61004B7831 /* CommonPoisCell.swift */ = {isa = PBXFileReference; lastKnownFileType = sourcecode.swift; path = CommonPoisCell.swift; sourceTree = "<group>"; };
		49FEACC9246348770095858E /* WikiMapDetailViewModel.swift */ = {isa = PBXFileReference; lastKnownFileType = sourcecode.swift; path = WikiMapDetailViewModel.swift; sourceTree = "<group>"; };
		6F29DEDA1BE51580029A3904 /* Pods-Navmate.debug.xcconfig */ = {isa = PBXFileReference; includeInIndex = 1; lastKnownFileType = text.xcconfig; name = "Pods-Navmate.debug.xcconfig"; path = "Target Support Files/Pods-Navmate/Pods-Navmate.debug.xcconfig"; sourceTree = "<group>"; };
		A02C9004A13744DAE10D7093 /* Pods_Navmate.framework */ = {isa = PBXFileReference; explicitFileType = wrapper.framework; includeInIndex = 0; path = Pods_Navmate.framework; sourceTree = BUILT_PRODUCTS_DIR; };
/* End PBXFileReference section */

/* Begin PBXFrameworksBuildPhase section */
		4920F12B245EB115005109BB /* Frameworks */ = {
			isa = PBXFrameworksBuildPhase;
			buildActionMask = 2147483647;
			files = (
			);
			runOnlyForDeploymentPostprocessing = 0;
		};
		49A5D29C244357B6002E7D53 /* Frameworks */ = {
			isa = PBXFrameworksBuildPhase;
			buildActionMask = 2147483647;
			files = (
				493F1F512455E40A0024BF1C /* MapKit.framework in Frameworks */,
				ECA2330156F51584A04976D1 /* Pods_Navmate.framework in Frameworks */,
			);
			runOnlyForDeploymentPostprocessing = 0;
		};
/* End PBXFrameworksBuildPhase section */

/* Begin PBXGroup section */
		4906C822244ED2D700D23F3E /* Wikipédia */ = {
			isa = PBXGroup;
			children = (
				49E9D070244DD07F00E79D5F /* WikiMapDetailVC.swift */,
				49FEACC9246348770095858E /* WikiMapDetailViewModel.swift */,
				4906C820244ED2CD00D23F3E /* WikiDetailVC.swift */,
			);
			name = "Wikipédia";
			path = "Wikipédia";
			sourceTree = "<group>";
		};
		4920F10C245C7945005109BB /* AnimationsJSON */ = {
			isa = PBXGroup;
			children = (
				4920F111245CB721005109BB /* magnifierWhite.json */,
				4920F113245CBA46005109BB /* searcher.json */,
				4920F10F245CB332005109BB /* magnifier.json */,
				4920F10D245C7959005109BB /* progress.json */,
			);
			path = AnimationsJSON;
			sourceTree = "<group>";
		};
		4920F115245DCDD5005109BB /* UserAccount */ = {
			isa = PBXGroup;
			children = (
				4920F116245DCDFE005109BB /* UserLogIn.swift */,
				4920F118245DE321005109BB /* UserAccountPage.swift */,
			);
			path = UserAccount;
			sourceTree = "<group>";
		};
		4920F12F245EB115005109BB /* NavmateUITests */ = {
			isa = PBXGroup;
			children = (
				4920F130245EB115005109BB /* NavmateUITests.swift */,
				4920F132245EB115005109BB /* Info.plist */,
			);
			path = NavmateUITests;
			sourceTree = "<group>";
		};
		4920F138245EFF7B005109BB /* User */ = {
			isa = PBXGroup;
			children = (
				499A7225245F117D00C435D7 /* UserAchievementCell.swift */,
				4920F139245EFF94005109BB /* UserRecordCell.swift */,
				4907230E245F603500AB0E6F /* userSettingsCell.swift */,
			);
			path = User;
			sourceTree = "<group>";
		};
		4929C01D245082F500D40931 /* Stats metrics */ = {
			isa = PBXGroup;
			children = (
				49F903DE244F9B0D004B7831 /* TripAverageMetricsCell.swift */,
				4929C01E2450831F00D40931 /* AvgMetricsCell.swift */,
			);
			path = "Stats metrics";
			sourceTree = "<group>";
		};
		4935582A244B5BAD0023F848 /* DirectionOptions */ = {
			isa = PBXGroup;
			children = (
				4935582D244B5CF40023F848 /* DirectionVC.swift */,
				4935582B244B5BF70023F848 /* DirectionGoCell.swift */,
				4935582F244B5F0B0023F848 /* DirectionOptionsCell.swift */,
			);
			path = DirectionOptions;
			sourceTree = "<group>";
		};
		49355833244B76A90023F848 /* Search */ = {
			isa = PBXGroup;
			children = (
				4900D2A72449D0C30065752F /* ResearchCell.swift */,
				49355838244C88DE0023F848 /* MonumentsSearch */,
			);
			path = Search;
			sourceTree = "<group>";
		};
		49355838244C88DE0023F848 /* MonumentsSearch */ = {
			isa = PBXGroup;
			children = (
				49355834244C875C0023F848 /* MonumentCell.swift */,
				49355836244C88DA0023F848 /* MonumentSearchDetailCell.swift */,
			);
			path = MonumentsSearch;
			sourceTree = "<group>";
		};
		493652112443AA7E00120DAC /* Views */ = {
			isa = PBXGroup;
			children = (
				493F1F56245768A20024BF1C /* LaunchView.swift */,
				49F903EA245040D5004B7831 /* Annotations */,
				49355833244B76A90023F848 /* Search */,
				4935582A244B5BAD0023F848 /* DirectionOptions */,
				4920F138245EFF7B005109BB /* User */,
				49F903E9245040B7004B7831 /* Navigation */,
			);
			path = Views;
			sourceTree = "<group>";
		};
		493652142443AF4200120DAC /* Model */ = {
			isa = PBXGroup;
			children = (
				4920F10C245C7945005109BB /* AnimationsJSON */,
				49355828244B37410023F848 /* Keys.swift */,
				49A16D6424542FE20096F430 /* Weather */,
				49F903E324504021004B7831 /* Monuments */,
				49E9D066244DC23900E79D5F /* Wikipedia */,
				49F903E22450400D004B7831 /* Routing */,
				499A722A245F3CE300C435D7 /* Firebase */,
				49F903E424504032004B7831 /* Constants */,
			);
			name = Model;
			sourceTree = "<group>";
		};
		499A7227245F3BB400C435D7 /* GPX */ = {
			isa = PBXGroup;
			children = (
				4929C01B2450772200D40931 /* lyontoAlbatrosWalk.gpx */,
				49A16CFE2453407D0096F430 /* eglantierGuerande.gpx */,
				4929C01724504F6D00D40931 /* gare.gpx */,
				49A16CF8245316600096F430 /* lyonploermel.gpx */,
				49C1B0A92452C5D2007B5808 /* lyonCavalièreCycle.gpx */,
				49A16CFC2453224A0096F430 /* lyonSlow.gpx */,
				4929C019245061A100D40931 /* lyonFast.gpx */,
				49C1B0A72452262F007B5808 /* lyonAlbatrosCycle.gpx */,
			);
			name = GPX;
			sourceTree = "<group>";
		};
		499A722A245F3CE300C435D7 /* Firebase */ = {
			isa = PBXGroup;
			children = (
				499A722B245F3CFE00C435D7 /* AuthManager.swift */,
			);
			path = Firebase;
			sourceTree = "<group>";
		};
		49A16D6324542FCF0096F430 /* Weather Animation */ = {
			isa = PBXGroup;
			children = (
				49A16D4824542FC40096F430 /* cloudyNight.json */,
				49A16D4F24542FC70096F430 /* foggy.json */,
				49A16D4A24542FC50096F430 /* mist.json */,
				49A16D4E24542FC60096F430 /* night.json */,
				49A16D4D24542FC60096F430 /* partlyCloudy.json */,
				49A16D4C24542FC50096F430 /* rainyNight.json */,
				49A16D5024542FC70096F430 /* shower.json */,
				49A16D4924542FC40096F430 /* snow.json */,
				49A16D4624542FC30096F430 /* snowNight.json */,
				49A16D5324542FC90096F430 /* snowSunny.json */,
				49A16D5124542FC80096F430 /* storm.json */,
				49A16D5224542FC80096F430 /* stormShower.json */,
				49A16D4524542FC20096F430 /* sunny.json */,
				49A16D4B24542FC50096F430 /* thunder.json */,
				49A16D4724542FC30096F430 /* windy.json */,
			);
			path = "Weather Animation";
			sourceTree = "<group>";
		};
		49A16D6424542FE20096F430 /* Weather */ = {
			isa = PBXGroup;
			children = (
				49A16D65245430250096F430 /* WeatherManager.swift */,
				49A16D6324542FCF0096F430 /* Weather Animation */,
			);
			path = Weather;
			sourceTree = "<group>";
		};
		49A5D296244357B6002E7D53 = {
			isa = PBXGroup;
			children = (
				499A7227245F3BB400C435D7 /* GPX */,
				49A5D2A1244357B6002E7D53 /* Navmate */,
				4920F12F245EB115005109BB /* NavmateUITests */,
				49A5D2A0244357B6002E7D53 /* Products */,
				76EB0CE726034E6F25289FDE /* Pods */,
				6240A07AFBDF64D06E6250E4 /* Frameworks */,
			);
			sourceTree = "<group>";
		};
		49A5D2A0244357B6002E7D53 /* Products */ = {
			isa = PBXGroup;
			children = (
				49A5D29F244357B6002E7D53 /* Navmate.app */,
				4920F12E245EB115005109BB /* NavmateUITests.xctest */,
			);
			name = Products;
			sourceTree = "<group>";
		};
		49A5D2A1244357B6002E7D53 /* Navmate */ = {
			isa = PBXGroup;
			children = (
				4907230C245F43EB00AB0E6F /* GoogleService-Info.plist */,
				49A5D2A2244357B6002E7D53 /* AppDelegate.swift */,
				49A5D2A4244357B6002E7D53 /* SceneDelegate.swift */,
				493652142443AF4200120DAC /* Model */,
				493652112443AA7E00120DAC /* Views */,
				49A5D2B624435D53002E7D53 /* Controllers */,
				49A5D2AB244357B9002E7D53 /* Assets.xcassets */,
				49A5D2AD244357B9002E7D53 /* LaunchScreen.storyboard */,
				49A5D2B0244357B9002E7D53 /* Info.plist */,
			);
			path = Navmate;
			sourceTree = "<group>";
		};
		49A5D2B624435D53002E7D53 /* Controllers */ = {
			isa = PBXGroup;
			children = (
				49A5D2A6244357B6002E7D53 /* ViewController.swift */,
				49E9D083244DECFA00E79D5F /* Navigation */,
				4906C822244ED2D700D23F3E /* Wikipédia */,
				49F903E72450409C004B7831 /* Search */,
				4920F115245DCDD5005109BB /* UserAccount */,
				49F903E8245040A9004B7831 /* Map */,
			);
			path = Controllers;
			sourceTree = "<group>";
		};
		49C0F4182450AB290016212D /* Monuments */ = {
			isa = PBXGroup;
			children = (
				49E9D07D244DEC6700E79D5F /* PoisCell.swift */,
				49C0F4192450AB450016212D /* MonumentNavigationCell.swift */,
				49C1B0A32450B713007B5808 /* MonumentNavigationDetail.swift */,
			);
			path = Monuments;
			sourceTree = "<group>";
		};
		49E9D066244DC23900E79D5F /* Wikipedia */ = {
			isa = PBXGroup;
			children = (
				49E9D03B244CB03E00E79D5F /* WikipediaManager.swift */,
				49E9D067244DC26300E79D5F /* WikiManagerCoord.swift */,
			);
			path = Wikipedia;
			sourceTree = "<group>";
		};
		49E9D06F244DC98700E79D5F /* MonumentAnnotations */ = {
			isa = PBXGroup;
			children = (
				49E9D06B244DC5C200E79D5F /* MonumentAnnotation.swift */,
				49E9D06D244DC93100E79D5F /* MonumentAnnotationView.swift */,
			);
			path = MonumentAnnotations;
			sourceTree = "<group>";
		};
		49E9D078244DEBF800E79D5F /* Navigation Metrics */ = {
			isa = PBXGroup;
			children = (
				49E9D074244DEBAE00E79D5F /* NavigationMetricsVC.swift */,
			);
			path = "Navigation Metrics";
			sourceTree = "<group>";
		};
		49E9D082244DEC8500E79D5F /* POIs */ = {
			isa = PBXGroup;
			children = (
				49E9D07B244DEC4E00E79D5F /* PointOfInterestVC.swift */,
			);
			path = POIs;
			sourceTree = "<group>";
		};
		49E9D083244DECFA00E79D5F /* Navigation */ = {
			isa = PBXGroup;
			children = (
				49E9D072244DEB4200E79D5F /* NavigationVC.swift */,
				49E9D078244DEBF800E79D5F /* Navigation Metrics */,
				49E9D082244DEC8500E79D5F /* POIs */,
			);
			path = Navigation;
			sourceTree = "<group>";
		};
		49F903E22450400D004B7831 /* Routing */ = {
			isa = PBXGroup;
			children = (
				49355831244B71D30023F848 /* RouteQueryModel.swift */,
				4900D2AB2449DE910065752F /* Locator.swift */,
				493F1F542455EE740024BF1C /* RoutingInterpret.swift */,
				493F1F522455E6690024BF1C /* NotificationManager.swift */,
				49C1B0A52451B00D007B5808 /* RouteRequest.swift */,
				4900D2AA2449DE910065752F /* Route.swift */,
				4900D2A92449DE900065752F /* routingManager.swift */,
			);
			path = Routing;
			sourceTree = "<group>";
		};
		49F903E324504021004B7831 /* Monuments */ = {
			isa = PBXGroup;
			children = (
				49C0888124436C3600EBEAE5 /* MonumentManager.swift */,
				49DB71B1245B26FE00A143CD /* MonumentClusters.swift */,
			);
			path = Monuments;
			sourceTree = "<group>";
		};
		49F903E424504032004B7831 /* Constants */ = {
			isa = PBXGroup;
			children = (
				49E9D039244C92BC00E79D5F /* K.swift */,
			);
			path = Constants;
			sourceTree = "<group>";
		};
		49F903E524504063004B7831 /* POIs */ = {
			isa = PBXGroup;
			children = (
				49F903E0244F9B61004B7831 /* CommonPoisCell.swift */,
				49E9D07F244DEC7300E79D5F /* BarChartCell.swift */,
				4929C01D245082F500D40931 /* Stats metrics */,
				49C0F4182450AB290016212D /* Monuments */,
			);
			path = POIs;
			sourceTree = "<group>";
		};
		49F903E62450407A004B7831 /* Navigation metrics */ = {
			isa = PBXGroup;
			children = (
				49E9D076244DEBE700E79D5F /* NavigationMetricsCell.swift */,
			);
			path = "Navigation metrics";
			sourceTree = "<group>";
		};
		49F903E72450409C004B7831 /* Search */ = {
			isa = PBXGroup;
			children = (
				4900D283244858F50065752F /* SearchVC.swift */,
			);
			path = Search;
			sourceTree = "<group>";
		};
		49F903E8245040A9004B7831 /* Map */ = {
			isa = PBXGroup;
			children = (
				493651EF2443780100120DAC /* MapVC.swift */,
			);
			path = Map;
			sourceTree = "<group>";
		};
		49F903E9245040B7004B7831 /* Navigation */ = {
			isa = PBXGroup;
			children = (
				49F903E524504063004B7831 /* POIs */,
				49F903E62450407A004B7831 /* Navigation metrics */,
				49E9D079244DEC2300E79D5F /* NavigationCell.swift */,
			);
			path = Navigation;
			sourceTree = "<group>";
		};
		49F903EA245040D5004B7831 /* Annotations */ = {
			isa = PBXGroup;
			children = (
				491DD4DC24597EA800754338 /* GasAnnotation.swift */,
				491DD4DE24597F1E00754338 /* GasAnnotationView.swift */,
				49E9D06F244DC98700E79D5F /* MonumentAnnotations */,
				493652122443AA9000120DAC /* CustomPin.swift */,
				49E9D03D244CBFA000E79D5F /* CustomPlainAV.swift */,
			);
			path = Annotations;
			sourceTree = "<group>";
		};
		6240A07AFBDF64D06E6250E4 /* Frameworks */ = {
			isa = PBXGroup;
			children = (
				493F1F502455E40A0024BF1C /* MapKit.framework */,
				A02C9004A13744DAE10D7093 /* Pods_Navmate.framework */,
			);
			name = Frameworks;
			sourceTree = "<group>";
		};
		76EB0CE726034E6F25289FDE /* Pods */ = {
			isa = PBXGroup;
			children = (
				6F29DEDA1BE51580029A3904 /* Pods-Navmate.debug.xcconfig */,
				19B8211BA190B80914D432E6 /* Pods-Navmate.release.xcconfig */,
			);
			path = Pods;
			sourceTree = "<group>";
		};
/* End PBXGroup section */

/* Begin PBXNativeTarget section */
		4920F12D245EB115005109BB /* NavmateUITests */ = {
			isa = PBXNativeTarget;
			buildConfigurationList = 4920F137245EB115005109BB /* Build configuration list for PBXNativeTarget "NavmateUITests" */;
			buildPhases = (
				4920F12A245EB115005109BB /* Sources */,
				4920F12B245EB115005109BB /* Frameworks */,
				4920F12C245EB115005109BB /* Resources */,
			);
			buildRules = (
			);
			dependencies = (
				4920F134245EB115005109BB /* PBXTargetDependency */,
			);
			name = NavmateUITests;
			productName = NavmateUITests;
			productReference = 4920F12E245EB115005109BB /* NavmateUITests.xctest */;
			productType = "com.apple.product-type.bundle.ui-testing";
		};
		49A5D29E244357B6002E7D53 /* Navmate */ = {
			isa = PBXNativeTarget;
			buildConfigurationList = 49A5D2B3244357B9002E7D53 /* Build configuration list for PBXNativeTarget "Navmate" */;
			buildPhases = (
				1B3BDEE279C9E99EB82B6109 /* [CP] Check Pods Manifest.lock */,
				49A5D29B244357B6002E7D53 /* Sources */,
				49A5D29C244357B6002E7D53 /* Frameworks */,
				49A5D29D244357B6002E7D53 /* Resources */,
				CB4BD5D9A33AD7CE7C4FA306 /* [CP] Embed Pods Frameworks */,
			);
			buildRules = (
			);
			dependencies = (
			);
			name = Navmate;
			productName = Navmate;
			productReference = 49A5D29F244357B6002E7D53 /* Navmate.app */;
			productType = "com.apple.product-type.application";
		};
/* End PBXNativeTarget section */

/* Begin PBXProject section */
		49A5D297244357B6002E7D53 /* Project object */ = {
			isa = PBXProject;
			attributes = {
				LastSwiftUpdateCheck = 1130;
				LastUpgradeCheck = 1130;
				ORGANIZATIONNAME = "Gautier Billard";
				TargetAttributes = {
					4920F12D245EB115005109BB = {
						CreatedOnToolsVersion = 11.3;
						TestTargetID = 49A5D29E244357B6002E7D53;
					};
					49A5D29E244357B6002E7D53 = {
						CreatedOnToolsVersion = 11.3;
					};
				};
			};
			buildConfigurationList = 49A5D29A244357B6002E7D53 /* Build configuration list for PBXProject "Navmate" */;
			compatibilityVersion = "Xcode 9.3";
			developmentRegion = en;
			hasScannedForEncodings = 0;
			knownRegions = (
				en,
				Base,
			);
			mainGroup = 49A5D296244357B6002E7D53;
			productRefGroup = 49A5D2A0244357B6002E7D53 /* Products */;
			projectDirPath = "";
			projectRoot = "";
			targets = (
				49A5D29E244357B6002E7D53 /* Navmate */,
				4920F12D245EB115005109BB /* NavmateUITests */,
			);
		};
/* End PBXProject section */

/* Begin PBXResourcesBuildPhase section */
		4920F12C245EB115005109BB /* Resources */ = {
			isa = PBXResourcesBuildPhase;
			buildActionMask = 2147483647;
			files = (
			);
			runOnlyForDeploymentPostprocessing = 0;
		};
		49A5D29D244357B6002E7D53 /* Resources */ = {
			isa = PBXResourcesBuildPhase;
			buildActionMask = 2147483647;
			files = (
				49A16D5D24542FC90096F430 /* night.json in Resources */,
				49A16D5424542FC90096F430 /* sunny.json in Resources */,
				49A16D5A24542FC90096F430 /* thunder.json in Resources */,
				4929C01C2450772300D40931 /* lyontoAlbatrosWalk.gpx in Resources */,
				49A5D2AF244357B9002E7D53 /* LaunchScreen.storyboard in Resources */,
				49A16D5524542FC90096F430 /* snowNight.json in Resources */,
				49C1B0AA2452C5D2007B5808 /* lyonCavalièreCycle.gpx in Resources */,
				49A16D5B24542FC90096F430 /* rainyNight.json in Resources */,
				4929C01A245061A100D40931 /* lyonFast.gpx in Resources */,
				4920F114245CBA46005109BB /* searcher.json in Resources */,
				49A16D5E24542FC90096F430 /* foggy.json in Resources */,
				49A16CFD2453224A0096F430 /* lyonSlow.gpx in Resources */,
				49A16D6124542FC90096F430 /* stormShower.json in Resources */,
				49A16D6224542FC90096F430 /* snowSunny.json in Resources */,
				49A5D2AC244357B9002E7D53 /* Assets.xcassets in Resources */,
				4920F112245CB722005109BB /* magnifierWhite.json in Resources */,
				49A16D5624542FC90096F430 /* windy.json in Resources */,
				4907230D245F43EB00AB0E6F /* GoogleService-Info.plist in Resources */,
				49A16CFF2453407D0096F430 /* eglantierGuerande.gpx in Resources */,
				4920F10E245C7959005109BB /* progress.json in Resources */,
				49A16D5824542FC90096F430 /* snow.json in Resources */,
				49C1B0A82452262F007B5808 /* lyonAlbatrosCycle.gpx in Resources */,
				4929C01824504F6D00D40931 /* gare.gpx in Resources */,
				49A16D5724542FC90096F430 /* cloudyNight.json in Resources */,
				4920F110245CB332005109BB /* magnifier.json in Resources */,
				49A16D5C24542FC90096F430 /* partlyCloudy.json in Resources */,
				49A16D5F24542FC90096F430 /* shower.json in Resources */,
				49A16D5924542FC90096F430 /* mist.json in Resources */,
				49A16CF9245316600096F430 /* lyonploermel.gpx in Resources */,
				49A16D6024542FC90096F430 /* storm.json in Resources */,
			);
			runOnlyForDeploymentPostprocessing = 0;
		};
/* End PBXResourcesBuildPhase section */

/* Begin PBXShellScriptBuildPhase section */
		1B3BDEE279C9E99EB82B6109 /* [CP] Check Pods Manifest.lock */ = {
			isa = PBXShellScriptBuildPhase;
			buildActionMask = 2147483647;
			files = (
			);
			inputFileListPaths = (
			);
			inputPaths = (
				"${PODS_PODFILE_DIR_PATH}/Podfile.lock",
				"${PODS_ROOT}/Manifest.lock",
			);
			name = "[CP] Check Pods Manifest.lock";
			outputFileListPaths = (
			);
			outputPaths = (
				"$(DERIVED_FILE_DIR)/Pods-Navmate-checkManifestLockResult.txt",
			);
			runOnlyForDeploymentPostprocessing = 0;
			shellPath = /bin/sh;
			shellScript = "diff \"${PODS_PODFILE_DIR_PATH}/Podfile.lock\" \"${PODS_ROOT}/Manifest.lock\" > /dev/null\nif [ $? != 0 ] ; then\n    # print error to STDERR\n    echo \"error: The sandbox is not in sync with the Podfile.lock. Run 'pod install' or update your CocoaPods installation.\" >&2\n    exit 1\nfi\n# This output is used by Xcode 'outputs' to avoid re-running this script phase.\necho \"SUCCESS\" > \"${SCRIPT_OUTPUT_FILE_0}\"\n";
			showEnvVarsInLog = 0;
		};
		CB4BD5D9A33AD7CE7C4FA306 /* [CP] Embed Pods Frameworks */ = {
			isa = PBXShellScriptBuildPhase;
			buildActionMask = 2147483647;
			files = (
			);
			inputFileListPaths = (
				"${PODS_ROOT}/Target Support Files/Pods-Navmate/Pods-Navmate-frameworks-${CONFIGURATION}-input-files.xcfilelist",
			);
			name = "[CP] Embed Pods Frameworks";
			outputFileListPaths = (
				"${PODS_ROOT}/Target Support Files/Pods-Navmate/Pods-Navmate-frameworks-${CONFIGURATION}-output-files.xcfilelist",
			);
			runOnlyForDeploymentPostprocessing = 0;
			shellPath = /bin/sh;
			shellScript = "\"${PODS_ROOT}/Target Support Files/Pods-Navmate/Pods-Navmate-frameworks.sh\"\n";
			showEnvVarsInLog = 0;
		};
/* End PBXShellScriptBuildPhase section */

/* Begin PBXSourcesBuildPhase section */
		4920F12A245EB115005109BB /* Sources */ = {
			isa = PBXSourcesBuildPhase;
			buildActionMask = 2147483647;
			files = (
				4920F131245EB115005109BB /* NavmateUITests.swift in Sources */,
			);
			runOnlyForDeploymentPostprocessing = 0;
		};
		49A5D29B244357B6002E7D53 /* Sources */ = {
			isa = PBXSourcesBuildPhase;
			buildActionMask = 2147483647;
			files = (
				493F1F552455EE740024BF1C /* RoutingInterpret.swift in Sources */,
				4907230F245F603500AB0E6F /* userSettingsCell.swift in Sources */,
				49DB71B2245B26FE00A143CD /* MonumentClusters.swift in Sources */,
				49355832244B71D30023F848 /* RouteQueryModel.swift in Sources */,
				49C1B0A42450B713007B5808 /* MonumentNavigationDetail.swift in Sources */,
				49A16D66245430250096F430 /* WeatherManager.swift in Sources */,
				49E9D077244DEBE700E79D5F /* NavigationMetricsCell.swift in Sources */,
				4900D284244858F50065752F /* SearchVC.swift in Sources */,
				499A722C245F3CFE00C435D7 /* AuthManager.swift in Sources */,
				493F1F57245768A20024BF1C /* LaunchView.swift in Sources */,
				49A5D2A7244357B6002E7D53 /* ViewController.swift in Sources */,
				49E9D03C244CB03E00E79D5F /* WikipediaManager.swift in Sources */,
				49E9D07E244DEC6700E79D5F /* PoisCell.swift in Sources */,
				4900D2AD2449DE910065752F /* Route.swift in Sources */,
				4920F117245DCDFE005109BB /* UserLogIn.swift in Sources */,
				49E9D03E244CBFA000E79D5F /* CustomPlainAV.swift in Sources */,
				499A7226245F117D00C435D7 /* UserAchievementCell.swift in Sources */,
				4929C01F2450831F00D40931 /* AvgMetricsCell.swift in Sources */,
				49E9D075244DEBAE00E79D5F /* NavigationMetricsVC.swift in Sources */,
				4920F13A245EFF94005109BB /* UserRecordCell.swift in Sources */,
				49C0F41A2450AB450016212D /* MonumentNavigationCell.swift in Sources */,
				49F903E1244F9B61004B7831 /* CommonPoisCell.swift in Sources */,
				491DD4DF24597F1E00754338 /* GasAnnotationView.swift in Sources */,
				49355829244B37410023F848 /* Keys.swift in Sources */,
				49F903DF244F9B0D004B7831 /* TripAverageMetricsCell.swift in Sources */,
				49E9D068244DC26300E79D5F /* WikiManagerCoord.swift in Sources */,
				493652132443AA9000120DAC /* CustomPin.swift in Sources */,
				493651F02443780100120DAC /* MapVC.swift in Sources */,
				49E9D07C244DEC4E00E79D5F /* PointOfInterestVC.swift in Sources */,
				493F1F532455E6690024BF1C /* NotificationManager.swift in Sources */,
				49E9D07A244DEC2300E79D5F /* NavigationCell.swift in Sources */,
				49355830244B5F0B0023F848 /* DirectionOptionsCell.swift in Sources */,
				4935582E244B5CF40023F848 /* DirectionVC.swift in Sources */,
				4900D2A82449D0C30065752F /* ResearchCell.swift in Sources */,
				49355835244C875C0023F848 /* MonumentCell.swift in Sources */,
				491DD4DD24597EA800754338 /* GasAnnotation.swift in Sources */,
				4900D2AC2449DE910065752F /* routingManager.swift in Sources */,
				49E9D080244DEC7300E79D5F /* BarChartCell.swift in Sources */,
				49FEACCA246348770095858E /* WikiMapDetailViewModel.swift in Sources */,
				4935582C244B5BF70023F848 /* DirectionGoCell.swift in Sources */,
				49E9D073244DEB4200E79D5F /* NavigationVC.swift in Sources */,
				49C1B0A62451B00D007B5808 /* RouteRequest.swift in Sources */,
				49E9D06E244DC93100E79D5F /* MonumentAnnotationView.swift in Sources */,
				49E9D03A244C92BC00E79D5F /* K.swift in Sources */,
				4900D2AE2449DE910065752F /* Locator.swift in Sources */,
				49E9D071244DD07F00E79D5F /* WikiMapDetailVC.swift in Sources */,
				4920F119245DE321005109BB /* UserAccountPage.swift in Sources */,
				49A5D2A3244357B6002E7D53 /* AppDelegate.swift in Sources */,
				49C0888224436C3600EBEAE5 /* MonumentManager.swift in Sources */,
				49A5D2A5244357B6002E7D53 /* SceneDelegate.swift in Sources */,
				4906C821244ED2CD00D23F3E /* WikiDetailVC.swift in Sources */,
				49E9D06C244DC5C200E79D5F /* MonumentAnnotation.swift in Sources */,
				49355837244C88DA0023F848 /* MonumentSearchDetailCell.swift in Sources */,
			);
			runOnlyForDeploymentPostprocessing = 0;
		};
/* End PBXSourcesBuildPhase section */

/* Begin PBXTargetDependency section */
		4920F134245EB115005109BB /* PBXTargetDependency */ = {
			isa = PBXTargetDependency;
			target = 49A5D29E244357B6002E7D53 /* Navmate */;
			targetProxy = 4920F133245EB115005109BB /* PBXContainerItemProxy */;
		};
/* End PBXTargetDependency section */

/* Begin PBXVariantGroup section */
		49A5D2AD244357B9002E7D53 /* LaunchScreen.storyboard */ = {
			isa = PBXVariantGroup;
			children = (
				49A5D2AE244357B9002E7D53 /* Base */,
			);
			name = LaunchScreen.storyboard;
			sourceTree = "<group>";
		};
/* End PBXVariantGroup section */

/* Begin XCBuildConfiguration section */
		4920F135245EB115005109BB /* Debug */ = {
			isa = XCBuildConfiguration;
			buildSettings = {
				CODE_SIGN_STYLE = Automatic;
				DEVELOPMENT_TEAM = 3ZK349YW98;
				INFOPLIST_FILE = NavmateUITests/Info.plist;
				LD_RUNPATH_SEARCH_PATHS = (
					"$(inherited)",
					"@executable_path/Frameworks",
					"@loader_path/Frameworks",
				);
				PRODUCT_BUNDLE_IDENTIFIER = com.gautierbillard.NavmateUITests;
				PRODUCT_NAME = "$(TARGET_NAME)";
				SWIFT_VERSION = 5.0;
				TARGETED_DEVICE_FAMILY = "1,2";
				TEST_TARGET_NAME = Navmate;
			};
			name = Debug;
		};
		4920F136245EB115005109BB /* Release */ = {
			isa = XCBuildConfiguration;
			buildSettings = {
				CODE_SIGN_STYLE = Automatic;
				DEVELOPMENT_TEAM = 3ZK349YW98;
				INFOPLIST_FILE = NavmateUITests/Info.plist;
				LD_RUNPATH_SEARCH_PATHS = (
					"$(inherited)",
					"@executable_path/Frameworks",
					"@loader_path/Frameworks",
				);
				PRODUCT_BUNDLE_IDENTIFIER = com.gautierbillard.NavmateUITests;
				PRODUCT_NAME = "$(TARGET_NAME)";
				SWIFT_VERSION = 5.0;
				TARGETED_DEVICE_FAMILY = "1,2";
				TEST_TARGET_NAME = Navmate;
			};
			name = Release;
		};
		49A5D2B1244357B9002E7D53 /* Debug */ = {
			isa = XCBuildConfiguration;
			buildSettings = {
				ALWAYS_SEARCH_USER_PATHS = NO;
				CLANG_ANALYZER_NONNULL = YES;
				CLANG_ANALYZER_NUMBER_OBJECT_CONVERSION = YES_AGGRESSIVE;
				CLANG_CXX_LANGUAGE_STANDARD = "gnu++14";
				CLANG_CXX_LIBRARY = "libc++";
				CLANG_ENABLE_MODULES = YES;
				CLANG_ENABLE_OBJC_ARC = YES;
				CLANG_ENABLE_OBJC_WEAK = YES;
				CLANG_WARN_BLOCK_CAPTURE_AUTORELEASING = YES;
				CLANG_WARN_BOOL_CONVERSION = YES;
				CLANG_WARN_COMMA = YES;
				CLANG_WARN_CONSTANT_CONVERSION = YES;
				CLANG_WARN_DEPRECATED_OBJC_IMPLEMENTATIONS = YES;
				CLANG_WARN_DIRECT_OBJC_ISA_USAGE = YES_ERROR;
				CLANG_WARN_DOCUMENTATION_COMMENTS = YES;
				CLANG_WARN_EMPTY_BODY = YES;
				CLANG_WARN_ENUM_CONVERSION = YES;
				CLANG_WARN_INFINITE_RECURSION = YES;
				CLANG_WARN_INT_CONVERSION = YES;
				CLANG_WARN_NON_LITERAL_NULL_CONVERSION = YES;
				CLANG_WARN_OBJC_IMPLICIT_RETAIN_SELF = YES;
				CLANG_WARN_OBJC_LITERAL_CONVERSION = YES;
				CLANG_WARN_OBJC_ROOT_CLASS = YES_ERROR;
				CLANG_WARN_RANGE_LOOP_ANALYSIS = YES;
				CLANG_WARN_STRICT_PROTOTYPES = YES;
				CLANG_WARN_SUSPICIOUS_MOVE = YES;
				CLANG_WARN_UNGUARDED_AVAILABILITY = YES_AGGRESSIVE;
				CLANG_WARN_UNREACHABLE_CODE = YES;
				CLANG_WARN__DUPLICATE_METHOD_MATCH = YES;
				COPY_PHASE_STRIP = NO;
				DEBUG_INFORMATION_FORMAT = dwarf;
				ENABLE_STRICT_OBJC_MSGSEND = YES;
				ENABLE_TESTABILITY = YES;
				GCC_C_LANGUAGE_STANDARD = gnu11;
				GCC_DYNAMIC_NO_PIC = NO;
				GCC_NO_COMMON_BLOCKS = YES;
				GCC_OPTIMIZATION_LEVEL = 0;
				GCC_PREPROCESSOR_DEFINITIONS = (
					"DEBUG=1",
					"$(inherited)",
				);
				GCC_WARN_64_TO_32_BIT_CONVERSION = YES;
				GCC_WARN_ABOUT_RETURN_TYPE = YES_ERROR;
				GCC_WARN_UNDECLARED_SELECTOR = YES;
				GCC_WARN_UNINITIALIZED_AUTOS = YES_AGGRESSIVE;
				GCC_WARN_UNUSED_FUNCTION = YES;
				GCC_WARN_UNUSED_VARIABLE = YES;
				IPHONEOS_DEPLOYMENT_TARGET = 13.2;
				MTL_ENABLE_DEBUG_INFO = INCLUDE_SOURCE;
				MTL_FAST_MATH = YES;
				ONLY_ACTIVE_ARCH = YES;
				SDKROOT = iphoneos;
				SWIFT_ACTIVE_COMPILATION_CONDITIONS = DEBUG;
				SWIFT_OPTIMIZATION_LEVEL = "-Onone";
			};
			name = Debug;
		};
		49A5D2B2244357B9002E7D53 /* Release */ = {
			isa = XCBuildConfiguration;
			buildSettings = {
				ALWAYS_SEARCH_USER_PATHS = NO;
				CLANG_ANALYZER_NONNULL = YES;
				CLANG_ANALYZER_NUMBER_OBJECT_CONVERSION = YES_AGGRESSIVE;
				CLANG_CXX_LANGUAGE_STANDARD = "gnu++14";
				CLANG_CXX_LIBRARY = "libc++";
				CLANG_ENABLE_MODULES = YES;
				CLANG_ENABLE_OBJC_ARC = YES;
				CLANG_ENABLE_OBJC_WEAK = YES;
				CLANG_WARN_BLOCK_CAPTURE_AUTORELEASING = YES;
				CLANG_WARN_BOOL_CONVERSION = YES;
				CLANG_WARN_COMMA = YES;
				CLANG_WARN_CONSTANT_CONVERSION = YES;
				CLANG_WARN_DEPRECATED_OBJC_IMPLEMENTATIONS = YES;
				CLANG_WARN_DIRECT_OBJC_ISA_USAGE = YES_ERROR;
				CLANG_WARN_DOCUMENTATION_COMMENTS = YES;
				CLANG_WARN_EMPTY_BODY = YES;
				CLANG_WARN_ENUM_CONVERSION = YES;
				CLANG_WARN_INFINITE_RECURSION = YES;
				CLANG_WARN_INT_CONVERSION = YES;
				CLANG_WARN_NON_LITERAL_NULL_CONVERSION = YES;
				CLANG_WARN_OBJC_IMPLICIT_RETAIN_SELF = YES;
				CLANG_WARN_OBJC_LITERAL_CONVERSION = YES;
				CLANG_WARN_OBJC_ROOT_CLASS = YES_ERROR;
				CLANG_WARN_RANGE_LOOP_ANALYSIS = YES;
				CLANG_WARN_STRICT_PROTOTYPES = YES;
				CLANG_WARN_SUSPICIOUS_MOVE = YES;
				CLANG_WARN_UNGUARDED_AVAILABILITY = YES_AGGRESSIVE;
				CLANG_WARN_UNREACHABLE_CODE = YES;
				CLANG_WARN__DUPLICATE_METHOD_MATCH = YES;
				COPY_PHASE_STRIP = NO;
				DEBUG_INFORMATION_FORMAT = "dwarf-with-dsym";
				ENABLE_NS_ASSERTIONS = NO;
				ENABLE_STRICT_OBJC_MSGSEND = YES;
				GCC_C_LANGUAGE_STANDARD = gnu11;
				GCC_NO_COMMON_BLOCKS = YES;
				GCC_WARN_64_TO_32_BIT_CONVERSION = YES;
				GCC_WARN_ABOUT_RETURN_TYPE = YES_ERROR;
				GCC_WARN_UNDECLARED_SELECTOR = YES;
				GCC_WARN_UNINITIALIZED_AUTOS = YES_AGGRESSIVE;
				GCC_WARN_UNUSED_FUNCTION = YES;
				GCC_WARN_UNUSED_VARIABLE = YES;
				IPHONEOS_DEPLOYMENT_TARGET = 13.2;
				MTL_ENABLE_DEBUG_INFO = NO;
				MTL_FAST_MATH = YES;
				SDKROOT = iphoneos;
				SWIFT_COMPILATION_MODE = wholemodule;
				SWIFT_OPTIMIZATION_LEVEL = "-O";
				VALIDATE_PRODUCT = YES;
			};
			name = Release;
		};
		49A5D2B4244357B9002E7D53 /* Debug */ = {
			isa = XCBuildConfiguration;
			baseConfigurationReference = 6F29DEDA1BE51580029A3904 /* Pods-Navmate.debug.xcconfig */;
			buildSettings = {
				ASSETCATALOG_COMPILER_APPICON_NAME = AppIcon;
				CODE_SIGN_STYLE = Automatic;
				DEVELOPMENT_TEAM = 3ZK349YW98;
				INFOPLIST_FILE = Navmate/Info.plist;
				LD_RUNPATH_SEARCH_PATHS = (
					"$(inherited)",
					"@executable_path/Frameworks",
				);
				PRODUCT_BUNDLE_IDENTIFIER = com.gautierbillard.Navmate;
				PRODUCT_NAME = "$(TARGET_NAME)";
				SWIFT_VERSION = 5.0;
				TARGETED_DEVICE_FAMILY = "1,2";
			};
			name = Debug;
		};
		49A5D2B5244357B9002E7D53 /* Release */ = {
			isa = XCBuildConfiguration;
			baseConfigurationReference = 19B8211BA190B80914D432E6 /* Pods-Navmate.release.xcconfig */;
			buildSettings = {
				ASSETCATALOG_COMPILER_APPICON_NAME = AppIcon;
				CODE_SIGN_STYLE = Automatic;
				DEVELOPMENT_TEAM = 3ZK349YW98;
				INFOPLIST_FILE = Navmate/Info.plist;
				LD_RUNPATH_SEARCH_PATHS = (
					"$(inherited)",
					"@executable_path/Frameworks",
				);
				PRODUCT_BUNDLE_IDENTIFIER = com.gautierbillard.Navmate;
				PRODUCT_NAME = "$(TARGET_NAME)";
				SWIFT_VERSION = 5.0;
				TARGETED_DEVICE_FAMILY = "1,2";
			};
			name = Release;
		};
/* End XCBuildConfiguration section */

/* Begin XCConfigurationList section */
		4920F137245EB115005109BB /* Build configuration list for PBXNativeTarget "NavmateUITests" */ = {
			isa = XCConfigurationList;
			buildConfigurations = (
				4920F135245EB115005109BB /* Debug */,
				4920F136245EB115005109BB /* Release */,
			);
			defaultConfigurationIsVisible = 0;
			defaultConfigurationName = Release;
		};
		49A5D29A244357B6002E7D53 /* Build configuration list for PBXProject "Navmate" */ = {
			isa = XCConfigurationList;
			buildConfigurations = (
				49A5D2B1244357B9002E7D53 /* Debug */,
				49A5D2B2244357B9002E7D53 /* Release */,
			);
			defaultConfigurationIsVisible = 0;
			defaultConfigurationName = Release;
		};
		49A5D2B3244357B9002E7D53 /* Build configuration list for PBXNativeTarget "Navmate" */ = {
			isa = XCConfigurationList;
			buildConfigurations = (
				49A5D2B4244357B9002E7D53 /* Debug */,
				49A5D2B5244357B9002E7D53 /* Release */,
			);
			defaultConfigurationIsVisible = 0;
			defaultConfigurationName = Release;
		};
/* End XCConfigurationList section */
	};
	rootObject = 49A5D297244357B6002E7D53 /* Project object */;
}
